// !$*UTF8*$!
{
	archiveVersion = 1;
	classes = {
	};
	objectVersion = 50;
	objects = {

/* Begin PBXBuildFile section */
		E10632D425523E6A0089B890 /* LocationWeatherVC.swift in Sources */ = {isa = PBXBuildFile; fileRef = E10632D325523E6A0089B890 /* LocationWeatherVC.swift */; };
		E10632EA255249760089B890 /* LocationService.swift in Sources */ = {isa = PBXBuildFile; fileRef = E10632E9255249760089B890 /* LocationService.swift */; };
		E106330C255289C50089B890 /* LocationManager.swift in Sources */ = {isa = PBXBuildFile; fileRef = E106330B255289C50089B890 /* LocationManager.swift */; };
		E10A2F562557AD03003D9B8A /* UIColor.swift in Sources */ = {isa = PBXBuildFile; fileRef = E10A2F552557AD02003D9B8A /* UIColor.swift */; };
		E11645B7255E5B3C00A4BAD7 /* Interface.storyboard in Resources */ = {isa = PBXBuildFile; fileRef = E11645B5255E5B3C00A4BAD7 /* Interface.storyboard */; };
		E11645B9255E5B3F00A4BAD7 /* Assets.xcassets in Resources */ = {isa = PBXBuildFile; fileRef = E11645B8255E5B3F00A4BAD7 /* Assets.xcassets */; };
		E11645C0255E5B3F00A4BAD7 /* Watch Extension.appex in Embed App Extensions */ = {isa = PBXBuildFile; fileRef = E11645BF255E5B3F00A4BAD7 /* Watch Extension.appex */; settings = {ATTRIBUTES = (RemoveHeadersOnCopy, ); }; };
		E11645C5255E5B3F00A4BAD7 /* MainInterfaceController.swift in Sources */ = {isa = PBXBuildFile; fileRef = E11645C4255E5B3F00A4BAD7 /* MainInterfaceController.swift */; };
		E11645C7255E5B3F00A4BAD7 /* ExtensionDelegate.swift in Sources */ = {isa = PBXBuildFile; fileRef = E11645C6255E5B3F00A4BAD7 /* ExtensionDelegate.swift */; };
		E11645C9255E5B3F00A4BAD7 /* NotificationController.swift in Sources */ = {isa = PBXBuildFile; fileRef = E11645C8255E5B3F00A4BAD7 /* NotificationController.swift */; };
		E11645CB255E5B3F00A4BAD7 /* ComplicationController.swift in Sources */ = {isa = PBXBuildFile; fileRef = E11645CA255E5B3F00A4BAD7 /* ComplicationController.swift */; };
		E11645CD255E5B4100A4BAD7 /* Assets.xcassets in Resources */ = {isa = PBXBuildFile; fileRef = E11645CC255E5B4100A4BAD7 /* Assets.xcassets */; };
		E11645D2255E5B4100A4BAD7 /* Watch.app in Embed Watch Content */ = {isa = PBXBuildFile; fileRef = E11645B3255E5B3C00A4BAD7 /* Watch.app */; settings = {ATTRIBUTES = (RemoveHeadersOnCopy, ); }; };
		E1164604255E5B6100A4BAD7 /* Daily.swift in Sources */ = {isa = PBXBuildFile; fileRef = E1B3CFED254FA32200AA876A /* Daily.swift */; };
		E116460A255E5B6400A4BAD7 /* Weather.swift in Sources */ = {isa = PBXBuildFile; fileRef = E1B3CFEC254FA32200AA876A /* Weather.swift */; };
		E1164610255E5B6700A4BAD7 /* Temp.swift in Sources */ = {isa = PBXBuildFile; fileRef = E1B3D00B254FA78E00AA876A /* Temp.swift */; };
		E1164616255E5B6900A4BAD7 /* Main.swift in Sources */ = {isa = PBXBuildFile; fileRef = E10632F625524CE90089B890 /* Main.swift */; };
		E116461C255E5B6C00A4BAD7 /* Coordinate.swift in Sources */ = {isa = PBXBuildFile; fileRef = E1063306255280AF0089B890 /* Coordinate.swift */; };
		E1164622255E5B6E00A4BAD7 /* Location.swift in Sources */ = {isa = PBXBuildFile; fileRef = E10632FB25524D970089B890 /* Location.swift */; };
		E1164628255E5B9F00A4BAD7 /* Domain.swift in Sources */ = {isa = PBXBuildFile; fileRef = E1B3CFE2254FA2F700AA876A /* Domain.swift */; };
		E116462E255E5BA200A4BAD7 /* APIResponse.swift in Sources */ = {isa = PBXBuildFile; fileRef = E1B3CFE3254FA2F700AA876A /* APIResponse.swift */; };
		E1164634255E5BA500A4BAD7 /* LocationService.swift in Sources */ = {isa = PBXBuildFile; fileRef = E10632E9255249760089B890 /* LocationService.swift */; };
		E116463A255E5BA800A4BAD7 /* DownloadService.swift in Sources */ = {isa = PBXBuildFile; fileRef = E1B3D016254FB93600AA876A /* DownloadService.swift */; };
		E1164640255E5BAA00A4BAD7 /* Request.swift in Sources */ = {isa = PBXBuildFile; fileRef = E1B3CFE4254FA2F700AA876A /* Request.swift */; };
		E1164647255E628000A4BAD7 /* RowController.swift in Sources */ = {isa = PBXBuildFile; fileRef = E1164646255E628000A4BAD7 /* RowController.swift */; };
		E1164654255E698C00A4BAD7 /* Float.swift in Sources */ = {isa = PBXBuildFile; fileRef = E1B3D011254FB4D900AA876A /* Float.swift */; };
		E116465B255E6B3000A4BAD7 /* DailyInterfaceController.swift in Sources */ = {isa = PBXBuildFile; fileRef = E116465A255E6B3000A4BAD7 /* DailyInterfaceController.swift */; };
		E1164662255E6B4600A4BAD7 /* DailyRowController.swift in Sources */ = {isa = PBXBuildFile; fileRef = E1164661255E6B4600A4BAD7 /* DailyRowController.swift */; };
		E1164668255E6F9000A4BAD7 /* Double.swift in Sources */ = {isa = PBXBuildFile; fileRef = E1B933A025515C9C0087DFD4 /* Double.swift */; };
		E116466E255E760400A4BAD7 /* LocationManager.swift in Sources */ = {isa = PBXBuildFile; fileRef = E106330B255289C50089B890 /* LocationManager.swift */; };
		E13EEFD9255E3A24008597FB /* Main.swift in Sources */ = {isa = PBXBuildFile; fileRef = E10632F625524CE90089B890 /* Main.swift */; };
		E13EEFDA255E3A24008597FB /* Weather.swift in Sources */ = {isa = PBXBuildFile; fileRef = E1B3CFEC254FA32200AA876A /* Weather.swift */; };
		E13EEFDB255E3A24008597FB /* Location.swift in Sources */ = {isa = PBXBuildFile; fileRef = E10632FB25524D970089B890 /* Location.swift */; };
		E13EEFDC255E3A24008597FB /* Temp.swift in Sources */ = {isa = PBXBuildFile; fileRef = E1B3D00B254FA78E00AA876A /* Temp.swift */; };
		E13EEFDD255E3A24008597FB /* Coordinate.swift in Sources */ = {isa = PBXBuildFile; fileRef = E1063306255280AF0089B890 /* Coordinate.swift */; };
		E1B3CF9C254FA1BA00AA876A /* AppDelegate.swift in Sources */ = {isa = PBXBuildFile; fileRef = E1B3CF9B254FA1BA00AA876A /* AppDelegate.swift */; };
		E1B3CF9E254FA1BA00AA876A /* SceneDelegate.swift in Sources */ = {isa = PBXBuildFile; fileRef = E1B3CF9D254FA1BA00AA876A /* SceneDelegate.swift */; };
		E1B3CFA0254FA1BA00AA876A /* DateWeatherVC.swift in Sources */ = {isa = PBXBuildFile; fileRef = E1B3CF9F254FA1BA00AA876A /* DateWeatherVC.swift */; };
		E1B3CFA3254FA1BA00AA876A /* Main.storyboard in Resources */ = {isa = PBXBuildFile; fileRef = E1B3CFA1254FA1BA00AA876A /* Main.storyboard */; };
		E1B3CFA5254FA1BD00AA876A /* Assets.xcassets in Resources */ = {isa = PBXBuildFile; fileRef = E1B3CFA4254FA1BD00AA876A /* Assets.xcassets */; };
		E1B3CFA8254FA1BD00AA876A /* LaunchScreen.storyboard in Resources */ = {isa = PBXBuildFile; fileRef = E1B3CFA6254FA1BD00AA876A /* LaunchScreen.storyboard */; };
		E1B3CFB3254FA1BD00AA876A /* Weather_AppTests.swift in Sources */ = {isa = PBXBuildFile; fileRef = E1B3CFB2254FA1BD00AA876A /* Weather_AppTests.swift */; };
		E1B3CFBE254FA1BD00AA876A /* Weather_AppUITests.swift in Sources */ = {isa = PBXBuildFile; fileRef = E1B3CFBD254FA1BD00AA876A /* Weather_AppUITests.swift */; };
		E1B3CFD5254FA28E00AA876A /* TableViewCell.swift in Sources */ = {isa = PBXBuildFile; fileRef = E1B3CFD4254FA28E00AA876A /* TableViewCell.swift */; };
		E1B3CFDD254FA2BE00AA876A /* TableViewCell.xib in Resources */ = {isa = PBXBuildFile; fileRef = E1B3CFDC254FA2BE00AA876A /* TableViewCell.xib */; };
		E1B3CFE5254FA2F700AA876A /* Domain.swift in Sources */ = {isa = PBXBuildFile; fileRef = E1B3CFE2254FA2F700AA876A /* Domain.swift */; };
		E1B3CFE6254FA2F700AA876A /* APIResponse.swift in Sources */ = {isa = PBXBuildFile; fileRef = E1B3CFE3254FA2F700AA876A /* APIResponse.swift */; };
		E1B3CFE7254FA2F700AA876A /* Request.swift in Sources */ = {isa = PBXBuildFile; fileRef = E1B3CFE4254FA2F700AA876A /* Request.swift */; };
		E1B3CFEF254FA32200AA876A /* Daily.swift in Sources */ = {isa = PBXBuildFile; fileRef = E1B3CFED254FA32200AA876A /* Daily.swift */; };
		E1B3D012254FB4D900AA876A /* Float.swift in Sources */ = {isa = PBXBuildFile; fileRef = E1B3D011254FB4D900AA876A /* Float.swift */; };
		E1B3D017254FB93600AA876A /* DownloadService.swift in Sources */ = {isa = PBXBuildFile; fileRef = E1B3D016254FB93600AA876A /* DownloadService.swift */; };
		E1B933812550F4250087DFD4 /* ScheduleVC.swift in Sources */ = {isa = PBXBuildFile; fileRef = E1B933802550F4250087DFD4 /* ScheduleVC.swift */; };
		E1B933862550F5150087DFD4 /* DatePickerTableViewCell.swift in Sources */ = {isa = PBXBuildFile; fileRef = E1B933852550F5150087DFD4 /* DatePickerTableViewCell.swift */; };
		E1B9338B2550F5300087DFD4 /* SwitchTableViewCell.swift in Sources */ = {isa = PBXBuildFile; fileRef = E1B9338A2550F5300087DFD4 /* SwitchTableViewCell.swift */; };
		E1B93391255140EF0087DFD4 /* Notifications.swift in Sources */ = {isa = PBXBuildFile; fileRef = E1B93390255140EF0087DFD4 /* Notifications.swift */; };
		E1B9339925514F550087DFD4 /* String.swift in Sources */ = {isa = PBXBuildFile; fileRef = E1B9339825514F550087DFD4 /* String.swift */; };
		E1B933A125515C9C0087DFD4 /* Double.swift in Sources */ = {isa = PBXBuildFile; fileRef = E1B933A025515C9C0087DFD4 /* Double.swift */; };
		E1E4380925553FFB0053E409 /* Weather_Widget.intentdefinition in Sources */ = {isa = PBXBuildFile; fileRef = E1E4380425553FF70053E409 /* Weather_Widget.intentdefinition */; };
/* End PBXBuildFile section */

/* Begin PBXContainerItemProxy section */
		E11645C1255E5B3F00A4BAD7 /* PBXContainerItemProxy */ = {
			isa = PBXContainerItemProxy;
			containerPortal = E1B3CF90254FA1BA00AA876A /* Project object */;
			proxyType = 1;
			remoteGlobalIDString = E11645BE255E5B3F00A4BAD7;
			remoteInfo = "Watch Extension";
		};
		E11645D0255E5B4100A4BAD7 /* PBXContainerItemProxy */ = {
			isa = PBXContainerItemProxy;
			containerPortal = E1B3CF90254FA1BA00AA876A /* Project object */;
			proxyType = 1;
			remoteGlobalIDString = E11645B2255E5B3C00A4BAD7;
			remoteInfo = Watch;
		};
		E1B3CFAF254FA1BD00AA876A /* PBXContainerItemProxy */ = {
			isa = PBXContainerItemProxy;
			containerPortal = E1B3CF90254FA1BA00AA876A /* Project object */;
			proxyType = 1;
			remoteGlobalIDString = E1B3CF97254FA1BA00AA876A;
			remoteInfo = "Weather App";
		};
		E1B3CFBA254FA1BD00AA876A /* PBXContainerItemProxy */ = {
			isa = PBXContainerItemProxy;
			containerPortal = E1B3CF90254FA1BA00AA876A /* Project object */;
			proxyType = 1;
			remoteGlobalIDString = E1B3CF97254FA1BA00AA876A;
			remoteInfo = "Weather App";
		};
/* End PBXContainerItemProxy section */

/* Begin PBXCopyFilesBuildPhase section */
		E11645DA255E5B4100A4BAD7 /* Embed App Extensions */ = {
			isa = PBXCopyFilesBuildPhase;
			buildActionMask = 2147483647;
			dstPath = "";
			dstSubfolderSpec = 13;
			files = (
				E11645C0255E5B3F00A4BAD7 /* Watch Extension.appex in Embed App Extensions */,
			);
			name = "Embed App Extensions";
			runOnlyForDeploymentPostprocessing = 0;
		};
		E124CCF4255CD02100479755 /* Embed Watch Content */ = {
			isa = PBXCopyFilesBuildPhase;
			buildActionMask = 2147483647;
			dstPath = "$(CONTENTS_FOLDER_PATH)/Watch";
			dstSubfolderSpec = 16;
			files = (
				E11645D2255E5B4100A4BAD7 /* Watch.app in Embed Watch Content */,
			);
			name = "Embed Watch Content";
			runOnlyForDeploymentPostprocessing = 0;
		};
		E1E4381025553FFB0053E409 /* Embed App Extensions */ = {
			isa = PBXCopyFilesBuildPhase;
			buildActionMask = 2147483647;
			dstPath = "";
			dstSubfolderSpec = 13;
			files = (
			);
			name = "Embed App Extensions";
			runOnlyForDeploymentPostprocessing = 0;
		};
/* End PBXCopyFilesBuildPhase section */

/* Begin PBXFileReference section */
		E10632D325523E6A0089B890 /* LocationWeatherVC.swift */ = {isa = PBXFileReference; lastKnownFileType = sourcecode.swift; path = LocationWeatherVC.swift; sourceTree = "<group>"; };
		E10632E9255249760089B890 /* LocationService.swift */ = {isa = PBXFileReference; lastKnownFileType = sourcecode.swift; path = LocationService.swift; sourceTree = "<group>"; };
		E10632F625524CE90089B890 /* Main.swift */ = {isa = PBXFileReference; lastKnownFileType = sourcecode.swift; path = Main.swift; sourceTree = "<group>"; };
		E10632FB25524D970089B890 /* Location.swift */ = {isa = PBXFileReference; lastKnownFileType = sourcecode.swift; path = Location.swift; sourceTree = "<group>"; };
		E1063306255280AF0089B890 /* Coordinate.swift */ = {isa = PBXFileReference; lastKnownFileType = sourcecode.swift; path = Coordinate.swift; sourceTree = "<group>"; };
		E106330B255289C50089B890 /* LocationManager.swift */ = {isa = PBXFileReference; lastKnownFileType = sourcecode.swift; path = LocationManager.swift; sourceTree = "<group>"; };
		E10A2F552557AD02003D9B8A /* UIColor.swift */ = {isa = PBXFileReference; lastKnownFileType = sourcecode.swift; path = UIColor.swift; sourceTree = "<group>"; };
		E11645B3255E5B3C00A4BAD7 /* Watch.app */ = {isa = PBXFileReference; explicitFileType = wrapper.application; includeInIndex = 0; path = Watch.app; sourceTree = BUILT_PRODUCTS_DIR; };
		E11645B6255E5B3C00A4BAD7 /* Base */ = {isa = PBXFileReference; lastKnownFileType = file.storyboard; name = Base; path = Base.lproj/Interface.storyboard; sourceTree = "<group>"; };
		E11645B8255E5B3F00A4BAD7 /* Assets.xcassets */ = {isa = PBXFileReference; lastKnownFileType = folder.assetcatalog; path = Assets.xcassets; sourceTree = "<group>"; };
		E11645BA255E5B3F00A4BAD7 /* Info.plist */ = {isa = PBXFileReference; lastKnownFileType = text.plist.xml; path = Info.plist; sourceTree = "<group>"; };
		E11645BF255E5B3F00A4BAD7 /* Watch Extension.appex */ = {isa = PBXFileReference; explicitFileType = "wrapper.app-extension"; includeInIndex = 0; path = "Watch Extension.appex"; sourceTree = BUILT_PRODUCTS_DIR; };
		E11645C4255E5B3F00A4BAD7 /* MainInterfaceController.swift */ = {isa = PBXFileReference; lastKnownFileType = sourcecode.swift; path = MainInterfaceController.swift; sourceTree = "<group>"; };
		E11645C6255E5B3F00A4BAD7 /* ExtensionDelegate.swift */ = {isa = PBXFileReference; lastKnownFileType = sourcecode.swift; path = ExtensionDelegate.swift; sourceTree = "<group>"; };
		E11645C8255E5B3F00A4BAD7 /* NotificationController.swift */ = {isa = PBXFileReference; lastKnownFileType = sourcecode.swift; path = NotificationController.swift; sourceTree = "<group>"; };
		E11645CA255E5B3F00A4BAD7 /* ComplicationController.swift */ = {isa = PBXFileReference; lastKnownFileType = sourcecode.swift; path = ComplicationController.swift; sourceTree = "<group>"; };
		E11645CC255E5B4100A4BAD7 /* Assets.xcassets */ = {isa = PBXFileReference; lastKnownFileType = folder.assetcatalog; path = Assets.xcassets; sourceTree = "<group>"; };
		E11645CE255E5B4100A4BAD7 /* Info.plist */ = {isa = PBXFileReference; lastKnownFileType = text.plist.xml; path = Info.plist; sourceTree = "<group>"; };
		E11645CF255E5B4100A4BAD7 /* PushNotificationPayload.apns */ = {isa = PBXFileReference; lastKnownFileType = text; path = PushNotificationPayload.apns; sourceTree = "<group>"; };
		E1164646255E628000A4BAD7 /* RowController.swift */ = {isa = PBXFileReference; lastKnownFileType = sourcecode.swift; path = RowController.swift; sourceTree = "<group>"; };
		E116465A255E6B3000A4BAD7 /* DailyInterfaceController.swift */ = {isa = PBXFileReference; lastKnownFileType = sourcecode.swift; path = DailyInterfaceController.swift; sourceTree = "<group>"; };
		E1164661255E6B4600A4BAD7 /* DailyRowController.swift */ = {isa = PBXFileReference; lastKnownFileType = sourcecode.swift; path = DailyRowController.swift; sourceTree = "<group>"; };
		E1B3CF98254FA1BA00AA876A /* Weather_Debug.app */ = {isa = PBXFileReference; explicitFileType = wrapper.application; includeInIndex = 0; path = Weather_Debug.app; sourceTree = BUILT_PRODUCTS_DIR; };
		E1B3CF9B254FA1BA00AA876A /* AppDelegate.swift */ = {isa = PBXFileReference; lastKnownFileType = sourcecode.swift; path = AppDelegate.swift; sourceTree = "<group>"; };
		E1B3CF9D254FA1BA00AA876A /* SceneDelegate.swift */ = {isa = PBXFileReference; lastKnownFileType = sourcecode.swift; path = SceneDelegate.swift; sourceTree = "<group>"; };
		E1B3CF9F254FA1BA00AA876A /* DateWeatherVC.swift */ = {isa = PBXFileReference; lastKnownFileType = sourcecode.swift; path = DateWeatherVC.swift; sourceTree = "<group>"; };
		E1B3CFA2254FA1BA00AA876A /* Base */ = {isa = PBXFileReference; lastKnownFileType = file.storyboard; name = Base; path = Base.lproj/Main.storyboard; sourceTree = "<group>"; };
		E1B3CFA4254FA1BD00AA876A /* Assets.xcassets */ = {isa = PBXFileReference; lastKnownFileType = folder.assetcatalog; path = Assets.xcassets; sourceTree = "<group>"; };
		E1B3CFA7254FA1BD00AA876A /* Base */ = {isa = PBXFileReference; lastKnownFileType = file.storyboard; name = Base; path = Base.lproj/LaunchScreen.storyboard; sourceTree = "<group>"; };
		E1B3CFA9254FA1BD00AA876A /* Info.plist */ = {isa = PBXFileReference; lastKnownFileType = text.plist.xml; path = Info.plist; sourceTree = "<group>"; };
		E1B3CFAE254FA1BD00AA876A /* Weather AppTests.xctest */ = {isa = PBXFileReference; explicitFileType = wrapper.cfbundle; includeInIndex = 0; path = "Weather AppTests.xctest"; sourceTree = BUILT_PRODUCTS_DIR; };
		E1B3CFB2254FA1BD00AA876A /* Weather_AppTests.swift */ = {isa = PBXFileReference; lastKnownFileType = sourcecode.swift; path = Weather_AppTests.swift; sourceTree = "<group>"; };
		E1B3CFB4254FA1BD00AA876A /* Info.plist */ = {isa = PBXFileReference; lastKnownFileType = text.plist.xml; path = Info.plist; sourceTree = "<group>"; };
		E1B3CFB9254FA1BD00AA876A /* Weather AppUITests.xctest */ = {isa = PBXFileReference; explicitFileType = wrapper.cfbundle; includeInIndex = 0; path = "Weather AppUITests.xctest"; sourceTree = BUILT_PRODUCTS_DIR; };
		E1B3CFBD254FA1BD00AA876A /* Weather_AppUITests.swift */ = {isa = PBXFileReference; lastKnownFileType = sourcecode.swift; path = Weather_AppUITests.swift; sourceTree = "<group>"; };
		E1B3CFBF254FA1BD00AA876A /* Info.plist */ = {isa = PBXFileReference; lastKnownFileType = text.plist.xml; path = Info.plist; sourceTree = "<group>"; };
		E1B3CFD4254FA28E00AA876A /* TableViewCell.swift */ = {isa = PBXFileReference; lastKnownFileType = sourcecode.swift; path = TableViewCell.swift; sourceTree = "<group>"; };
		E1B3CFDC254FA2BE00AA876A /* TableViewCell.xib */ = {isa = PBXFileReference; fileEncoding = 4; lastKnownFileType = file.xib; path = TableViewCell.xib; sourceTree = "<group>"; };
		E1B3CFE2254FA2F700AA876A /* Domain.swift */ = {isa = PBXFileReference; fileEncoding = 4; lastKnownFileType = sourcecode.swift; path = Domain.swift; sourceTree = "<group>"; };
		E1B3CFE3254FA2F700AA876A /* APIResponse.swift */ = {isa = PBXFileReference; fileEncoding = 4; lastKnownFileType = sourcecode.swift; path = APIResponse.swift; sourceTree = "<group>"; };
		E1B3CFE4254FA2F700AA876A /* Request.swift */ = {isa = PBXFileReference; fileEncoding = 4; lastKnownFileType = sourcecode.swift; lineEnding = 0; path = Request.swift; sourceTree = "<group>"; };
		E1B3CFEC254FA32200AA876A /* Weather.swift */ = {isa = PBXFileReference; fileEncoding = 4; lastKnownFileType = sourcecode.swift; path = Weather.swift; sourceTree = "<group>"; };
		E1B3CFED254FA32200AA876A /* Daily.swift */ = {isa = PBXFileReference; fileEncoding = 4; lastKnownFileType = sourcecode.swift; path = Daily.swift; sourceTree = "<group>"; };
		E1B3D00B254FA78E00AA876A /* Temp.swift */ = {isa = PBXFileReference; lastKnownFileType = sourcecode.swift; path = Temp.swift; sourceTree = "<group>"; };
		E1B3D011254FB4D900AA876A /* Float.swift */ = {isa = PBXFileReference; lastKnownFileType = sourcecode.swift; path = Float.swift; sourceTree = "<group>"; };
		E1B3D016254FB93600AA876A /* DownloadService.swift */ = {isa = PBXFileReference; lastKnownFileType = sourcecode.swift; path = DownloadService.swift; sourceTree = "<group>"; };
		E1B933802550F4250087DFD4 /* ScheduleVC.swift */ = {isa = PBXFileReference; lastKnownFileType = sourcecode.swift; path = ScheduleVC.swift; sourceTree = "<group>"; };
		E1B933852550F5150087DFD4 /* DatePickerTableViewCell.swift */ = {isa = PBXFileReference; lastKnownFileType = sourcecode.swift; path = DatePickerTableViewCell.swift; sourceTree = "<group>"; };
		E1B9338A2550F5300087DFD4 /* SwitchTableViewCell.swift */ = {isa = PBXFileReference; lastKnownFileType = sourcecode.swift; path = SwitchTableViewCell.swift; sourceTree = "<group>"; };
		E1B93390255140EF0087DFD4 /* Notifications.swift */ = {isa = PBXFileReference; lastKnownFileType = sourcecode.swift; path = Notifications.swift; sourceTree = "<group>"; };
		E1B9339825514F550087DFD4 /* String.swift */ = {isa = PBXFileReference; lastKnownFileType = sourcecode.swift; path = String.swift; sourceTree = "<group>"; };
		E1B933A025515C9C0087DFD4 /* Double.swift */ = {isa = PBXFileReference; lastKnownFileType = sourcecode.swift; path = Double.swift; sourceTree = "<group>"; };
		E1E437FD25553FF70053E409 /* WidgetKit.framework */ = {isa = PBXFileReference; lastKnownFileType = wrapper.framework; name = WidgetKit.framework; path = System/Library/Frameworks/WidgetKit.framework; sourceTree = SDKROOT; };
		E1E437FF25553FF70053E409 /* SwiftUI.framework */ = {isa = PBXFileReference; lastKnownFileType = wrapper.framework; name = SwiftUI.framework; path = System/Library/Frameworks/SwiftUI.framework; sourceTree = SDKROOT; };
		E1E4380225553FF70053E409 /* Weather_Widget.swift */ = {isa = PBXFileReference; lastKnownFileType = sourcecode.swift; path = Weather_Widget.swift; sourceTree = "<group>"; };
		E1E4380425553FF70053E409 /* Weather_Widget.intentdefinition */ = {isa = PBXFileReference; lastKnownFileType = file.intentdefinition; path = Weather_Widget.intentdefinition; sourceTree = "<group>"; };
		E1E4380525553FFB0053E409 /* Assets.xcassets */ = {isa = PBXFileReference; lastKnownFileType = folder.assetcatalog; path = Assets.xcassets; sourceTree = "<group>"; };
		E1E4380725553FFB0053E409 /* Info.plist */ = {isa = PBXFileReference; lastKnownFileType = text.plist.xml; path = Info.plist; sourceTree = "<group>"; };
/* End PBXFileReference section */

/* Begin PBXFrameworksBuildPhase section */
		E11645BC255E5B3F00A4BAD7 /* Frameworks */ = {
			isa = PBXFrameworksBuildPhase;
			buildActionMask = 2147483647;
			files = (
			);
			runOnlyForDeploymentPostprocessing = 0;
		};
		E1B3CF95254FA1BA00AA876A /* Frameworks */ = {
			isa = PBXFrameworksBuildPhase;
			buildActionMask = 2147483647;
			files = (
			);
			runOnlyForDeploymentPostprocessing = 0;
		};
		E1B3CFAB254FA1BD00AA876A /* Frameworks */ = {
			isa = PBXFrameworksBuildPhase;
			buildActionMask = 2147483647;
			files = (
			);
			runOnlyForDeploymentPostprocessing = 0;
		};
		E1B3CFB6254FA1BD00AA876A /* Frameworks */ = {
			isa = PBXFrameworksBuildPhase;
			buildActionMask = 2147483647;
			files = (
			);
			runOnlyForDeploymentPostprocessing = 0;
		};
/* End PBXFrameworksBuildPhase section */

/* Begin PBXGroup section */
		E11645B4255E5B3C00A4BAD7 /* Watch */ = {
			isa = PBXGroup;
			children = (
				E11645B5255E5B3C00A4BAD7 /* Interface.storyboard */,
				E11645B8255E5B3F00A4BAD7 /* Assets.xcassets */,
				E11645BA255E5B3F00A4BAD7 /* Info.plist */,
			);
			path = Watch;
			sourceTree = "<group>";
		};
		E11645C3255E5B3F00A4BAD7 /* Watch Extension */ = {
			isa = PBXGroup;
			children = (
				E116464E255E669B00A4BAD7 /* DailyController */,
				E116464D255E668D00A4BAD7 /* MainController */,
				E11645C6255E5B3F00A4BAD7 /* ExtensionDelegate.swift */,
				E11645C8255E5B3F00A4BAD7 /* NotificationController.swift */,
				E11645CA255E5B3F00A4BAD7 /* ComplicationController.swift */,
				E11645CC255E5B4100A4BAD7 /* Assets.xcassets */,
				E11645CE255E5B4100A4BAD7 /* Info.plist */,
				E11645CF255E5B4100A4BAD7 /* PushNotificationPayload.apns */,
			);
			path = "Watch Extension";
			sourceTree = "<group>";
		};
		E116464D255E668D00A4BAD7 /* MainController */ = {
			isa = PBXGroup;
			children = (
				E11645C4255E5B3F00A4BAD7 /* MainInterfaceController.swift */,
				E1164646255E628000A4BAD7 /* RowController.swift */,
			);
			path = MainController;
			sourceTree = "<group>";
		};
		E116464E255E669B00A4BAD7 /* DailyController */ = {
			isa = PBXGroup;
			children = (
				E116465A255E6B3000A4BAD7 /* DailyInterfaceController.swift */,
				E1164661255E6B4600A4BAD7 /* DailyRowController.swift */,
			);
			path = DailyController;
			sourceTree = "<group>";
		};
		E1B3CF8F254FA1BA00AA876A = {
			isa = PBXGroup;
			children = (
				E1B3CF9A254FA1BA00AA876A /* Weather App */,
				E1B3CFB1254FA1BD00AA876A /* Weather AppTests */,
				E1B3CFBC254FA1BD00AA876A /* Weather AppUITests */,
				E1E4380125553FF70053E409 /* Weather Widget */,
				E11645B4255E5B3C00A4BAD7 /* Watch */,
				E11645C3255E5B3F00A4BAD7 /* Watch Extension */,
				E1E437FC25553FF70053E409 /* Frameworks */,
				E1B3CF99254FA1BA00AA876A /* Products */,
			);
			sourceTree = "<group>";
		};
		E1B3CF99254FA1BA00AA876A /* Products */ = {
			isa = PBXGroup;
			children = (
				E1B3CF98254FA1BA00AA876A /* Weather_Debug.app */,
				E1B3CFAE254FA1BD00AA876A /* Weather AppTests.xctest */,
				E1B3CFB9254FA1BD00AA876A /* Weather AppUITests.xctest */,
				E11645B3255E5B3C00A4BAD7 /* Watch.app */,
				E11645BF255E5B3F00A4BAD7 /* Watch Extension.appex */,
			);
			name = Products;
			sourceTree = "<group>";
		};
		E1B3CF9A254FA1BA00AA876A /* Weather App */ = {
			isa = PBXGroup;
			children = (
				E1B9338F255140D40087DFD4 /* Libraries */,
				E1B3CFF3254FA34A00AA876A /* App Delegate */,
				E1B3CFCF254FA22200AA876A /* Controllers */,
				E1B3CFCE254FA21500AA876A /* Extensions */,
				E1B3CFEB254FA30D00AA876A /* Model */,
				E1B3CFF5254FA37F00AA876A /* Resources */,
				E1B3CFE1254FA2E300AA876A /* Services */,
				E1B3CFF4254FA35F00AA876A /* Target */,
			);
			path = "Weather App";
			sourceTree = "<group>";
		};
		E1B3CFB1254FA1BD00AA876A /* Weather AppTests */ = {
			isa = PBXGroup;
			children = (
				E1B3CFB2254FA1BD00AA876A /* Weather_AppTests.swift */,
				E1B3CFB4254FA1BD00AA876A /* Info.plist */,
			);
			path = "Weather AppTests";
			sourceTree = "<group>";
		};
		E1B3CFBC254FA1BD00AA876A /* Weather AppUITests */ = {
			isa = PBXGroup;
			children = (
				E1B3CFBD254FA1BD00AA876A /* Weather_AppUITests.swift */,
				E1B3CFBF254FA1BD00AA876A /* Info.plist */,
			);
			path = "Weather AppUITests";
			sourceTree = "<group>";
		};
		E1B3CFCE254FA21500AA876A /* Extensions */ = {
			isa = PBXGroup;
			children = (
				E1B3D011254FB4D900AA876A /* Float.swift */,
				E1B9339825514F550087DFD4 /* String.swift */,
				E1B933A025515C9C0087DFD4 /* Double.swift */,
				E10A2F552557AD02003D9B8A /* UIColor.swift */,
			);
			path = Extensions;
			sourceTree = "<group>";
		};
		E1B3CFCF254FA22200AA876A /* Controllers */ = {
			isa = PBXGroup;
			children = (
				E1B3CFD1254FA24A00AA876A /* Cell */,
				E1B3CFD0254FA23F00AA876A /* View Controllers */,
			);
			path = Controllers;
			sourceTree = "<group>";
		};
		E1B3CFD0254FA23F00AA876A /* View Controllers */ = {
			isa = PBXGroup;
			children = (
				E1B3CF9F254FA1BA00AA876A /* DateWeatherVC.swift */,
				E1B933802550F4250087DFD4 /* ScheduleVC.swift */,
				E10632D325523E6A0089B890 /* LocationWeatherVC.swift */,
			);
			path = "View Controllers";
			sourceTree = "<group>";
		};
		E1B3CFD1254FA24A00AA876A /* Cell */ = {
			isa = PBXGroup;
			children = (
				E1B3CFDC254FA2BE00AA876A /* TableViewCell.xib */,
				E1B3CFD4254FA28E00AA876A /* TableViewCell.swift */,
				E1B933852550F5150087DFD4 /* DatePickerTableViewCell.swift */,
				E1B9338A2550F5300087DFD4 /* SwitchTableViewCell.swift */,
			);
			path = Cell;
			sourceTree = "<group>";
		};
		E1B3CFE1254FA2E300AA876A /* Services */ = {
			isa = PBXGroup;
			children = (
				E1B3CFE3254FA2F700AA876A /* APIResponse.swift */,
				E1B3CFE2254FA2F700AA876A /* Domain.swift */,
				E1B3CFE4254FA2F700AA876A /* Request.swift */,
				E1B3D016254FB93600AA876A /* DownloadService.swift */,
				E10632E9255249760089B890 /* LocationService.swift */,
			);
			path = Services;
			sourceTree = "<group>";
		};
		E1B3CFEB254FA30D00AA876A /* Model */ = {
			isa = PBXGroup;
			children = (
				E1B3CFED254FA32200AA876A /* Daily.swift */,
				E1B3CFEC254FA32200AA876A /* Weather.swift */,
				E1B3D00B254FA78E00AA876A /* Temp.swift */,
				E10632F625524CE90089B890 /* Main.swift */,
				E10632FB25524D970089B890 /* Location.swift */,
				E1063306255280AF0089B890 /* Coordinate.swift */,
			);
			path = Model;
			sourceTree = "<group>";
		};
		E1B3CFF3254FA34A00AA876A /* App Delegate */ = {
			isa = PBXGroup;
			children = (
				E1B3CF9D254FA1BA00AA876A /* SceneDelegate.swift */,
				E1B3CF9B254FA1BA00AA876A /* AppDelegate.swift */,
			);
			path = "App Delegate";
			sourceTree = "<group>";
		};
		E1B3CFF4254FA35F00AA876A /* Target */ = {
			isa = PBXGroup;
			children = (
				E1B3CFA9254FA1BD00AA876A /* Info.plist */,
			);
			path = Target;
			sourceTree = "<group>";
		};
		E1B3CFF5254FA37F00AA876A /* Resources */ = {
			isa = PBXGroup;
			children = (
				E1B3CFA1254FA1BA00AA876A /* Main.storyboard */,
				E1B3CFA4254FA1BD00AA876A /* Assets.xcassets */,
				E1B3CFA6254FA1BD00AA876A /* LaunchScreen.storyboard */,
			);
			path = Resources;
			sourceTree = "<group>";
		};
		E1B9338F255140D40087DFD4 /* Libraries */ = {
			isa = PBXGroup;
			children = (
				E1B93390255140EF0087DFD4 /* Notifications.swift */,
				E106330B255289C50089B890 /* LocationManager.swift */,
			);
			path = Libraries;
			sourceTree = "<group>";
		};
		E1E437FC25553FF70053E409 /* Frameworks */ = {
			isa = PBXGroup;
			children = (
				E1E437FD25553FF70053E409 /* WidgetKit.framework */,
				E1E437FF25553FF70053E409 /* SwiftUI.framework */,
			);
			name = Frameworks;
			sourceTree = "<group>";
		};
		E1E4380125553FF70053E409 /* Weather Widget */ = {
			isa = PBXGroup;
			children = (
				E1E4380225553FF70053E409 /* Weather_Widget.swift */,
				E1E4380425553FF70053E409 /* Weather_Widget.intentdefinition */,
				E1E4380525553FFB0053E409 /* Assets.xcassets */,
				E1E4380725553FFB0053E409 /* Info.plist */,
			);
			path = "Weather Widget";
			sourceTree = "<group>";
		};
/* End PBXGroup section */

/* Begin PBXNativeTarget section */
		E11645B2255E5B3C00A4BAD7 /* Watch */ = {
			isa = PBXNativeTarget;
			buildConfigurationList = E11645DB255E5B4100A4BAD7 /* Build configuration list for PBXNativeTarget "Watch" */;
			buildPhases = (
				E11645B1255E5B3C00A4BAD7 /* Resources */,
				E11645DA255E5B4100A4BAD7 /* Embed App Extensions */,
			);
			buildRules = (
			);
			dependencies = (
				E11645C2255E5B3F00A4BAD7 /* PBXTargetDependency */,
			);
			name = Watch;
			productName = Watch;
			productReference = E11645B3255E5B3C00A4BAD7 /* Watch.app */;
			productType = "com.apple.product-type.application.watchapp2";
		};
		E11645BE255E5B3F00A4BAD7 /* Watch Extension */ = {
			isa = PBXNativeTarget;
			buildConfigurationList = E11645D3255E5B4100A4BAD7 /* Build configuration list for PBXNativeTarget "Watch Extension" */;
			buildPhases = (
				E11645BB255E5B3F00A4BAD7 /* Sources */,
				E11645BC255E5B3F00A4BAD7 /* Frameworks */,
				E11645BD255E5B3F00A4BAD7 /* Resources */,
			);
			buildRules = (
			);
			dependencies = (
			);
			name = "Watch Extension";
			productName = "Watch Extension";
			productReference = E11645BF255E5B3F00A4BAD7 /* Watch Extension.appex */;
			productType = "com.apple.product-type.watchkit2-extension";
		};
		E1B3CF97254FA1BA00AA876A /* Weather App */ = {
			isa = PBXNativeTarget;
			buildConfigurationList = E1B3CFC2254FA1BD00AA876A /* Build configuration list for PBXNativeTarget "Weather App" */;
			buildPhases = (
				E1B3CF94254FA1BA00AA876A /* Sources */,
				E1B3CF95254FA1BA00AA876A /* Frameworks */,
				E1B3CF96254FA1BA00AA876A /* Resources */,
				E1E4381025553FFB0053E409 /* Embed App Extensions */,
				E124CCF4255CD02100479755 /* Embed Watch Content */,
			);
			buildRules = (
			);
			dependencies = (
				E11645D1255E5B4100A4BAD7 /* PBXTargetDependency */,
			);
			name = "Weather App";
			productName = "Weather App";
			productReference = E1B3CF98254FA1BA00AA876A /* Weather_Debug.app */;
			productType = "com.apple.product-type.application";
		};
		E1B3CFAD254FA1BD00AA876A /* Weather AppTests */ = {
			isa = PBXNativeTarget;
			buildConfigurationList = E1B3CFC5254FA1BD00AA876A /* Build configuration list for PBXNativeTarget "Weather AppTests" */;
			buildPhases = (
				E1B3CFAA254FA1BD00AA876A /* Sources */,
				E1B3CFAB254FA1BD00AA876A /* Frameworks */,
				E1B3CFAC254FA1BD00AA876A /* Resources */,
			);
			buildRules = (
			);
			dependencies = (
				E1B3CFB0254FA1BD00AA876A /* PBXTargetDependency */,
			);
			name = "Weather AppTests";
			productName = "Weather AppTests";
			productReference = E1B3CFAE254FA1BD00AA876A /* Weather AppTests.xctest */;
			productType = "com.apple.product-type.bundle.unit-test";
		};
		E1B3CFB8254FA1BD00AA876A /* Weather AppUITests */ = {
			isa = PBXNativeTarget;
			buildConfigurationList = E1B3CFC8254FA1BD00AA876A /* Build configuration list for PBXNativeTarget "Weather AppUITests" */;
			buildPhases = (
				E1B3CFB5254FA1BD00AA876A /* Sources */,
				E1B3CFB6254FA1BD00AA876A /* Frameworks */,
				E1B3CFB7254FA1BD00AA876A /* Resources */,
			);
			buildRules = (
			);
			dependencies = (
				E1B3CFBB254FA1BD00AA876A /* PBXTargetDependency */,
			);
			name = "Weather AppUITests";
			productName = "Weather AppUITests";
			productReference = E1B3CFB9254FA1BD00AA876A /* Weather AppUITests.xctest */;
			productType = "com.apple.product-type.bundle.ui-testing";
		};
/* End PBXNativeTarget section */

/* Begin PBXProject section */
		E1B3CF90254FA1BA00AA876A /* Project object */ = {
			isa = PBXProject;
			attributes = {
				LastSwiftUpdateCheck = 1210;
				LastUpgradeCheck = 1210;
				TargetAttributes = {
					E11645B2255E5B3C00A4BAD7 = {
						CreatedOnToolsVersion = 12.1;
					};
					E11645BE255E5B3F00A4BAD7 = {
						CreatedOnToolsVersion = 12.1;
					};
					E1B3CF97254FA1BA00AA876A = {
						CreatedOnToolsVersion = 12.1;
					};
					E1B3CFAD254FA1BD00AA876A = {
						CreatedOnToolsVersion = 12.1;
						TestTargetID = E1B3CF97254FA1BA00AA876A;
					};
					E1B3CFB8254FA1BD00AA876A = {
						CreatedOnToolsVersion = 12.1;
						TestTargetID = E1B3CF97254FA1BA00AA876A;
					};
				};
			};
			buildConfigurationList = E1B3CF93254FA1BA00AA876A /* Build configuration list for PBXProject "Weather App" */;
			compatibilityVersion = "Xcode 9.3";
			developmentRegion = en;
			hasScannedForEncodings = 0;
			knownRegions = (
				en,
				Base,
			);
			mainGroup = E1B3CF8F254FA1BA00AA876A;
			productRefGroup = E1B3CF99254FA1BA00AA876A /* Products */;
			projectDirPath = "";
			projectRoot = "";
			targets = (
				E1B3CF97254FA1BA00AA876A /* Weather App */,
				E1B3CFAD254FA1BD00AA876A /* Weather AppTests */,
				E1B3CFB8254FA1BD00AA876A /* Weather AppUITests */,
				E11645B2255E5B3C00A4BAD7 /* Watch */,
				E11645BE255E5B3F00A4BAD7 /* Watch Extension */,
			);
		};
/* End PBXProject section */

/* Begin PBXResourcesBuildPhase section */
		E11645B1255E5B3C00A4BAD7 /* Resources */ = {
			isa = PBXResourcesBuildPhase;
			buildActionMask = 2147483647;
			files = (
				E11645B9255E5B3F00A4BAD7 /* Assets.xcassets in Resources */,
				E11645B7255E5B3C00A4BAD7 /* Interface.storyboard in Resources */,
			);
			runOnlyForDeploymentPostprocessing = 0;
		};
		E11645BD255E5B3F00A4BAD7 /* Resources */ = {
			isa = PBXResourcesBuildPhase;
			buildActionMask = 2147483647;
			files = (
				E11645CD255E5B4100A4BAD7 /* Assets.xcassets in Resources */,
			);
			runOnlyForDeploymentPostprocessing = 0;
		};
		E1B3CF96254FA1BA00AA876A /* Resources */ = {
			isa = PBXResourcesBuildPhase;
			buildActionMask = 2147483647;
			files = (
				E1B3CFA8254FA1BD00AA876A /* LaunchScreen.storyboard in Resources */,
				E1B3CFDD254FA2BE00AA876A /* TableViewCell.xib in Resources */,
				E1B3CFA5254FA1BD00AA876A /* Assets.xcassets in Resources */,
				E1B3CFA3254FA1BA00AA876A /* Main.storyboard in Resources */,
			);
			runOnlyForDeploymentPostprocessing = 0;
		};
		E1B3CFAC254FA1BD00AA876A /* Resources */ = {
			isa = PBXResourcesBuildPhase;
			buildActionMask = 2147483647;
			files = (
			);
			runOnlyForDeploymentPostprocessing = 0;
		};
		E1B3CFB7254FA1BD00AA876A /* Resources */ = {
			isa = PBXResourcesBuildPhase;
			buildActionMask = 2147483647;
			files = (
			);
			runOnlyForDeploymentPostprocessing = 0;
		};
/* End PBXResourcesBuildPhase section */

/* Begin PBXSourcesBuildPhase section */
		E11645BB255E5B3F00A4BAD7 /* Sources */ = {
			isa = PBXSourcesBuildPhase;
			buildActionMask = 2147483647;
			files = (
				E1164610255E5B6700A4BAD7 /* Temp.swift in Sources */,
				E116463A255E5BA800A4BAD7 /* DownloadService.swift in Sources */,
				E11645C9255E5B3F00A4BAD7 /* NotificationController.swift in Sources */,
				E1164622255E5B6E00A4BAD7 /* Location.swift in Sources */,
				E1164616255E5B6900A4BAD7 /* Main.swift in Sources */,
				E1164604255E5B6100A4BAD7 /* Daily.swift in Sources */,
				E116462E255E5BA200A4BAD7 /* APIResponse.swift in Sources */,
				E1164640255E5BAA00A4BAD7 /* Request.swift in Sources */,
				E1164628255E5B9F00A4BAD7 /* Domain.swift in Sources */,
				E11645CB255E5B3F00A4BAD7 /* ComplicationController.swift in Sources */,
				E1164647255E628000A4BAD7 /* RowController.swift in Sources */,
				E1164654255E698C00A4BAD7 /* Float.swift in Sources */,
				E116461C255E5B6C00A4BAD7 /* Coordinate.swift in Sources */,
				E116465B255E6B3000A4BAD7 /* DailyInterfaceController.swift in Sources */,
				E1164634255E5BA500A4BAD7 /* LocationService.swift in Sources */,
				E11645C7255E5B3F00A4BAD7 /* ExtensionDelegate.swift in Sources */,
				E116460A255E5B6400A4BAD7 /* Weather.swift in Sources */,
				E116466E255E760400A4BAD7 /* LocationManager.swift in Sources */,
				E11645C5255E5B3F00A4BAD7 /* MainInterfaceController.swift in Sources */,
				E1164668255E6F9000A4BAD7 /* Double.swift in Sources */,
				E1164662255E6B4600A4BAD7 /* DailyRowController.swift in Sources */,
			);
			runOnlyForDeploymentPostprocessing = 0;
		};
		E1B3CF94254FA1BA00AA876A /* Sources */ = {
			isa = PBXSourcesBuildPhase;
			buildActionMask = 2147483647;
			files = (
				E13EEFDA255E3A24008597FB /* Weather.swift in Sources */,
				E1B933812550F4250087DFD4 /* ScheduleVC.swift in Sources */,
				E10632EA255249760089B890 /* LocationService.swift in Sources */,
				E13EEFD9255E3A24008597FB /* Main.swift in Sources */,
				E1B9338B2550F5300087DFD4 /* SwitchTableViewCell.swift in Sources */,
				E1B3D017254FB93600AA876A /* DownloadService.swift in Sources */,
				E1B3D012254FB4D900AA876A /* Float.swift in Sources */,
				E1B3CFA0254FA1BA00AA876A /* DateWeatherVC.swift in Sources */,
				E1B933862550F5150087DFD4 /* DatePickerTableViewCell.swift in Sources */,
				E13EEFDD255E3A24008597FB /* Coordinate.swift in Sources */,
				E10632D425523E6A0089B890 /* LocationWeatherVC.swift in Sources */,
				E13EEFDB255E3A24008597FB /* Location.swift in Sources */,
				E1B93391255140EF0087DFD4 /* Notifications.swift in Sources */,
				E1B3CFE5254FA2F700AA876A /* Domain.swift in Sources */,
				E1E4380925553FFB0053E409 /* Weather_Widget.intentdefinition in Sources */,
				E1B3CFD5254FA28E00AA876A /* TableViewCell.swift in Sources */,
				E1B3CFE7254FA2F700AA876A /* Request.swift in Sources */,
				E1B3CFEF254FA32200AA876A /* Daily.swift in Sources */,
				E1B3CFE6254FA2F700AA876A /* APIResponse.swift in Sources */,
				E1B9339925514F550087DFD4 /* String.swift in Sources */,
				E106330C255289C50089B890 /* LocationManager.swift in Sources */,
				E10A2F562557AD03003D9B8A /* UIColor.swift in Sources */,
				E1B3CF9C254FA1BA00AA876A /* AppDelegate.swift in Sources */,
				E13EEFDC255E3A24008597FB /* Temp.swift in Sources */,
				E1B933A125515C9C0087DFD4 /* Double.swift in Sources */,
				E1B3CF9E254FA1BA00AA876A /* SceneDelegate.swift in Sources */,
			);
			runOnlyForDeploymentPostprocessing = 0;
		};
		E1B3CFAA254FA1BD00AA876A /* Sources */ = {
			isa = PBXSourcesBuildPhase;
			buildActionMask = 2147483647;
			files = (
				E1B3CFB3254FA1BD00AA876A /* Weather_AppTests.swift in Sources */,
			);
			runOnlyForDeploymentPostprocessing = 0;
		};
		E1B3CFB5254FA1BD00AA876A /* Sources */ = {
			isa = PBXSourcesBuildPhase;
			buildActionMask = 2147483647;
			files = (
				E1B3CFBE254FA1BD00AA876A /* Weather_AppUITests.swift in Sources */,
			);
			runOnlyForDeploymentPostprocessing = 0;
		};
/* End PBXSourcesBuildPhase section */

/* Begin PBXTargetDependency section */
		E11645C2255E5B3F00A4BAD7 /* PBXTargetDependency */ = {
			isa = PBXTargetDependency;
			target = E11645BE255E5B3F00A4BAD7 /* Watch Extension */;
			targetProxy = E11645C1255E5B3F00A4BAD7 /* PBXContainerItemProxy */;
		};
		E11645D1255E5B4100A4BAD7 /* PBXTargetDependency */ = {
			isa = PBXTargetDependency;
			target = E11645B2255E5B3C00A4BAD7 /* Watch */;
			targetProxy = E11645D0255E5B4100A4BAD7 /* PBXContainerItemProxy */;
		};
		E1B3CFB0254FA1BD00AA876A /* PBXTargetDependency */ = {
			isa = PBXTargetDependency;
			target = E1B3CF97254FA1BA00AA876A /* Weather App */;
			targetProxy = E1B3CFAF254FA1BD00AA876A /* PBXContainerItemProxy */;
		};
		E1B3CFBB254FA1BD00AA876A /* PBXTargetDependency */ = {
			isa = PBXTargetDependency;
			target = E1B3CF97254FA1BA00AA876A /* Weather App */;
			targetProxy = E1B3CFBA254FA1BD00AA876A /* PBXContainerItemProxy */;
		};
/* End PBXTargetDependency section */

/* Begin PBXVariantGroup section */
		E11645B5255E5B3C00A4BAD7 /* Interface.storyboard */ = {
			isa = PBXVariantGroup;
			children = (
				E11645B6255E5B3C00A4BAD7 /* Base */,
			);
			name = Interface.storyboard;
			sourceTree = "<group>";
		};
		E1B3CFA1254FA1BA00AA876A /* Main.storyboard */ = {
			isa = PBXVariantGroup;
			children = (
				E1B3CFA2254FA1BA00AA876A /* Base */,
			);
			name = Main.storyboard;
			sourceTree = "<group>";
		};
		E1B3CFA6254FA1BD00AA876A /* LaunchScreen.storyboard */ = {
			isa = PBXVariantGroup;
			children = (
				E1B3CFA7254FA1BD00AA876A /* Base */,
			);
			name = LaunchScreen.storyboard;
			sourceTree = "<group>";
		};
/* End PBXVariantGroup section */

/* Begin XCBuildConfiguration section */
		E10A2EF225579AA9003D9B8A /* Dev_Debug */ = {
			isa = XCBuildConfiguration;
			buildSettings = {
				ALWAYS_SEARCH_USER_PATHS = NO;
				CLANG_ANALYZER_NONNULL = YES;
				CLANG_ANALYZER_NUMBER_OBJECT_CONVERSION = YES_AGGRESSIVE;
				CLANG_CXX_LANGUAGE_STANDARD = "gnu++14";
				CLANG_CXX_LIBRARY = "libc++";
				CLANG_ENABLE_MODULES = YES;
				CLANG_ENABLE_OBJC_ARC = YES;
				CLANG_ENABLE_OBJC_WEAK = YES;
				CLANG_WARN_BLOCK_CAPTURE_AUTORELEASING = YES;
				CLANG_WARN_BOOL_CONVERSION = YES;
				CLANG_WARN_COMMA = YES;
				CLANG_WARN_CONSTANT_CONVERSION = YES;
				CLANG_WARN_DEPRECATED_OBJC_IMPLEMENTATIONS = YES;
				CLANG_WARN_DIRECT_OBJC_ISA_USAGE = YES_ERROR;
				CLANG_WARN_DOCUMENTATION_COMMENTS = YES;
				CLANG_WARN_EMPTY_BODY = YES;
				CLANG_WARN_ENUM_CONVERSION = YES;
				CLANG_WARN_INFINITE_RECURSION = YES;
				CLANG_WARN_INT_CONVERSION = YES;
				CLANG_WARN_NON_LITERAL_NULL_CONVERSION = YES;
				CLANG_WARN_OBJC_IMPLICIT_RETAIN_SELF = YES;
				CLANG_WARN_OBJC_LITERAL_CONVERSION = YES;
				CLANG_WARN_OBJC_ROOT_CLASS = YES_ERROR;
				CLANG_WARN_QUOTED_INCLUDE_IN_FRAMEWORK_HEADER = YES;
				CLANG_WARN_RANGE_LOOP_ANALYSIS = YES;
				CLANG_WARN_STRICT_PROTOTYPES = YES;
				CLANG_WARN_SUSPICIOUS_MOVE = YES;
				CLANG_WARN_UNGUARDED_AVAILABILITY = YES_AGGRESSIVE;
				CLANG_WARN_UNREACHABLE_CODE = YES;
				CLANG_WARN__DUPLICATE_METHOD_MATCH = YES;
				COPY_PHASE_STRIP = NO;
				DEBUG_INFORMATION_FORMAT = dwarf;
				ENABLE_STRICT_OBJC_MSGSEND = YES;
				ENABLE_TESTABILITY = YES;
				GCC_C_LANGUAGE_STANDARD = gnu11;
				GCC_DYNAMIC_NO_PIC = NO;
				GCC_NO_COMMON_BLOCKS = YES;
				GCC_OPTIMIZATION_LEVEL = 0;
				GCC_PREPROCESSOR_DEFINITIONS = (
					"DEBUG=1",
					"$(inherited)",
				);
				GCC_WARN_64_TO_32_BIT_CONVERSION = YES;
				GCC_WARN_ABOUT_RETURN_TYPE = YES_ERROR;
				GCC_WARN_UNDECLARED_SELECTOR = YES;
				GCC_WARN_UNINITIALIZED_AUTOS = YES_AGGRESSIVE;
				GCC_WARN_UNUSED_FUNCTION = YES;
				GCC_WARN_UNUSED_VARIABLE = YES;
				IPHONEOS_DEPLOYMENT_TARGET = 14.1;
				MTL_ENABLE_DEBUG_INFO = INCLUDE_SOURCE;
				MTL_FAST_MATH = YES;
				ONLY_ACTIVE_ARCH = YES;
				SDKROOT = iphoneos;
				SWIFT_ACTIVE_COMPILATION_CONDITIONS = DEBUG;
				SWIFT_OPTIMIZATION_LEVEL = "-Onone";
			};
			name = Dev_Debug;
		};
		E10A2EF325579AA9003D9B8A /* Dev_Debug */ = {
			isa = XCBuildConfiguration;
			buildSettings = {
				ALWAYS_EMBED_SWIFT_STANDARD_LIBRARIES = YES;
				ASSETCATALOG_COMPILER_APPICON_NAME = AppIcon;
				ASSETCATALOG_COMPILER_GLOBAL_ACCENT_COLOR_NAME = AccentColor;
				CODE_SIGN_STYLE = Automatic;
				DEVELOPMENT_TEAM = 7X3D98TXTN;
				INFOPLIST_FILE = "Weather App/Target/Info.plist";
				LD_RUNPATH_SEARCH_PATHS = (
					"$(inherited)",
					"@executable_path/Frameworks",
				);
				PRODUCT_BUNDLE_IDENTIFIER = "com.example.Weather-App";
				PRODUCT_NAME = Weather_DevDebug;
				SWIFT_VERSION = 5.0;
				TARGETED_DEVICE_FAMILY = "1,2";
			};
			name = Dev_Debug;
		};
		E10A2EF425579AA9003D9B8A /* Dev_Debug */ = {
			isa = XCBuildConfiguration;
			buildSettings = {
				ALWAYS_EMBED_SWIFT_STANDARD_LIBRARIES = YES;
				BUNDLE_LOADER = "$(TEST_HOST)";
				CODE_SIGN_STYLE = Automatic;
				DEVELOPMENT_TEAM = 7X3D98TXTN;
				INFOPLIST_FILE = "Weather AppTests/Info.plist";
				IPHONEOS_DEPLOYMENT_TARGET = 14.1;
				LD_RUNPATH_SEARCH_PATHS = (
					"$(inherited)",
					"@executable_path/Frameworks",
					"@loader_path/Frameworks",
				);
				PRODUCT_BUNDLE_IDENTIFIER = "com.example.Weather-AppTests";
				PRODUCT_NAME = "$(TARGET_NAME)";
				SWIFT_VERSION = 5.0;
				TARGETED_DEVICE_FAMILY = "1,2";
				TEST_HOST = "$(BUILT_PRODUCTS_DIR)/Weather App.app/Weather App";
			};
			name = Dev_Debug;
		};
		E10A2EF525579AA9003D9B8A /* Dev_Debug */ = {
			isa = XCBuildConfiguration;
			buildSettings = {
				ALWAYS_EMBED_SWIFT_STANDARD_LIBRARIES = YES;
				CODE_SIGN_STYLE = Automatic;
				DEVELOPMENT_TEAM = 7X3D98TXTN;
				INFOPLIST_FILE = "Weather AppUITests/Info.plist";
				LD_RUNPATH_SEARCH_PATHS = (
					"$(inherited)",
					"@executable_path/Frameworks",
					"@loader_path/Frameworks",
				);
				PRODUCT_BUNDLE_IDENTIFIER = "com.example.Weather-AppUITests";
				PRODUCT_NAME = "$(TARGET_NAME)";
				SWIFT_VERSION = 5.0;
				TARGETED_DEVICE_FAMILY = "1,2";
				TEST_TARGET_NAME = "Weather App";
			};
			name = Dev_Debug;
		};
		E10A2EF725579ABF003D9B8A /* Product_Debug */ = {
			isa = XCBuildConfiguration;
			buildSettings = {
				ALWAYS_SEARCH_USER_PATHS = NO;
				CLANG_ANALYZER_NONNULL = YES;
				CLANG_ANALYZER_NUMBER_OBJECT_CONVERSION = YES_AGGRESSIVE;
				CLANG_CXX_LANGUAGE_STANDARD = "gnu++14";
				CLANG_CXX_LIBRARY = "libc++";
				CLANG_ENABLE_MODULES = YES;
				CLANG_ENABLE_OBJC_ARC = YES;
				CLANG_ENABLE_OBJC_WEAK = YES;
				CLANG_WARN_BLOCK_CAPTURE_AUTORELEASING = YES;
				CLANG_WARN_BOOL_CONVERSION = YES;
				CLANG_WARN_COMMA = YES;
				CLANG_WARN_CONSTANT_CONVERSION = YES;
				CLANG_WARN_DEPRECATED_OBJC_IMPLEMENTATIONS = YES;
				CLANG_WARN_DIRECT_OBJC_ISA_USAGE = YES_ERROR;
				CLANG_WARN_DOCUMENTATION_COMMENTS = YES;
				CLANG_WARN_EMPTY_BODY = YES;
				CLANG_WARN_ENUM_CONVERSION = YES;
				CLANG_WARN_INFINITE_RECURSION = YES;
				CLANG_WARN_INT_CONVERSION = YES;
				CLANG_WARN_NON_LITERAL_NULL_CONVERSION = YES;
				CLANG_WARN_OBJC_IMPLICIT_RETAIN_SELF = YES;
				CLANG_WARN_OBJC_LITERAL_CONVERSION = YES;
				CLANG_WARN_OBJC_ROOT_CLASS = YES_ERROR;
				CLANG_WARN_QUOTED_INCLUDE_IN_FRAMEWORK_HEADER = YES;
				CLANG_WARN_RANGE_LOOP_ANALYSIS = YES;
				CLANG_WARN_STRICT_PROTOTYPES = YES;
				CLANG_WARN_SUSPICIOUS_MOVE = YES;
				CLANG_WARN_UNGUARDED_AVAILABILITY = YES_AGGRESSIVE;
				CLANG_WARN_UNREACHABLE_CODE = YES;
				CLANG_WARN__DUPLICATE_METHOD_MATCH = YES;
				COPY_PHASE_STRIP = NO;
				DEBUG_INFORMATION_FORMAT = dwarf;
				ENABLE_STRICT_OBJC_MSGSEND = YES;
				ENABLE_TESTABILITY = YES;
				GCC_C_LANGUAGE_STANDARD = gnu11;
				GCC_DYNAMIC_NO_PIC = NO;
				GCC_NO_COMMON_BLOCKS = YES;
				GCC_OPTIMIZATION_LEVEL = 0;
				GCC_PREPROCESSOR_DEFINITIONS = (
					"DEBUG=1",
					"$(inherited)",
				);
				GCC_WARN_64_TO_32_BIT_CONVERSION = YES;
				GCC_WARN_ABOUT_RETURN_TYPE = YES_ERROR;
				GCC_WARN_UNDECLARED_SELECTOR = YES;
				GCC_WARN_UNINITIALIZED_AUTOS = YES_AGGRESSIVE;
				GCC_WARN_UNUSED_FUNCTION = YES;
				GCC_WARN_UNUSED_VARIABLE = YES;
				IPHONEOS_DEPLOYMENT_TARGET = 14.1;
				MTL_ENABLE_DEBUG_INFO = INCLUDE_SOURCE;
				MTL_FAST_MATH = YES;
				ONLY_ACTIVE_ARCH = YES;
				SDKROOT = iphoneos;
				SWIFT_ACTIVE_COMPILATION_CONDITIONS = DEBUG;
				SWIFT_OPTIMIZATION_LEVEL = "-Onone";
			};
			name = Product_Debug;
		};
		E10A2EF825579ABF003D9B8A /* Product_Debug */ = {
			isa = XCBuildConfiguration;
			buildSettings = {
				ALWAYS_EMBED_SWIFT_STANDARD_LIBRARIES = YES;
				ASSETCATALOG_COMPILER_APPICON_NAME = AppIcon;
				ASSETCATALOG_COMPILER_GLOBAL_ACCENT_COLOR_NAME = AccentColor;
				CODE_SIGN_STYLE = Automatic;
				DEVELOPMENT_TEAM = 7X3D98TXTN;
				INFOPLIST_FILE = "Weather App/Target/Info.plist";
				LD_RUNPATH_SEARCH_PATHS = (
					"$(inherited)",
					"@executable_path/Frameworks",
				);
				PRODUCT_BUNDLE_IDENTIFIER = "com.example.Weather-App";
				PRODUCT_NAME = Weather_ProdDebug;
				SWIFT_VERSION = 5.0;
				TARGETED_DEVICE_FAMILY = "1,2";
			};
			name = Product_Debug;
		};
		E10A2EF925579ABF003D9B8A /* Product_Debug */ = {
			isa = XCBuildConfiguration;
			buildSettings = {
				ALWAYS_EMBED_SWIFT_STANDARD_LIBRARIES = YES;
				BUNDLE_LOADER = "$(TEST_HOST)";
				CODE_SIGN_STYLE = Automatic;
				DEVELOPMENT_TEAM = 7X3D98TXTN;
				INFOPLIST_FILE = "Weather AppTests/Info.plist";
				IPHONEOS_DEPLOYMENT_TARGET = 14.1;
				LD_RUNPATH_SEARCH_PATHS = (
					"$(inherited)",
					"@executable_path/Frameworks",
					"@loader_path/Frameworks",
				);
				PRODUCT_BUNDLE_IDENTIFIER = "com.example.Weather-AppTests";
				PRODUCT_NAME = "$(TARGET_NAME)";
				SWIFT_VERSION = 5.0;
				TARGETED_DEVICE_FAMILY = "1,2";
				TEST_HOST = "$(BUILT_PRODUCTS_DIR)/Weather App.app/Weather App";
			};
			name = Product_Debug;
		};
		E10A2EFA25579ABF003D9B8A /* Product_Debug */ = {
			isa = XCBuildConfiguration;
			buildSettings = {
				ALWAYS_EMBED_SWIFT_STANDARD_LIBRARIES = YES;
				CODE_SIGN_STYLE = Automatic;
				DEVELOPMENT_TEAM = 7X3D98TXTN;
				INFOPLIST_FILE = "Weather AppUITests/Info.plist";
				LD_RUNPATH_SEARCH_PATHS = (
					"$(inherited)",
					"@executable_path/Frameworks",
					"@loader_path/Frameworks",
				);
				PRODUCT_BUNDLE_IDENTIFIER = "com.example.Weather-AppUITests";
				PRODUCT_NAME = "$(TARGET_NAME)";
				SWIFT_VERSION = 5.0;
				TARGETED_DEVICE_FAMILY = "1,2";
				TEST_TARGET_NAME = "Weather App";
			};
			name = Product_Debug;
		};
		E10A2EFC25579AFC003D9B8A /* Dev_Release */ = {
			isa = XCBuildConfiguration;
			buildSettings = {
				ALWAYS_SEARCH_USER_PATHS = NO;
				CLANG_ANALYZER_NONNULL = YES;
				CLANG_ANALYZER_NUMBER_OBJECT_CONVERSION = YES_AGGRESSIVE;
				CLANG_CXX_LANGUAGE_STANDARD = "gnu++14";
				CLANG_CXX_LIBRARY = "libc++";
				CLANG_ENABLE_MODULES = YES;
				CLANG_ENABLE_OBJC_ARC = YES;
				CLANG_ENABLE_OBJC_WEAK = YES;
				CLANG_WARN_BLOCK_CAPTURE_AUTORELEASING = YES;
				CLANG_WARN_BOOL_CONVERSION = YES;
				CLANG_WARN_COMMA = YES;
				CLANG_WARN_CONSTANT_CONVERSION = YES;
				CLANG_WARN_DEPRECATED_OBJC_IMPLEMENTATIONS = YES;
				CLANG_WARN_DIRECT_OBJC_ISA_USAGE = YES_ERROR;
				CLANG_WARN_DOCUMENTATION_COMMENTS = YES;
				CLANG_WARN_EMPTY_BODY = YES;
				CLANG_WARN_ENUM_CONVERSION = YES;
				CLANG_WARN_INFINITE_RECURSION = YES;
				CLANG_WARN_INT_CONVERSION = YES;
				CLANG_WARN_NON_LITERAL_NULL_CONVERSION = YES;
				CLANG_WARN_OBJC_IMPLICIT_RETAIN_SELF = YES;
				CLANG_WARN_OBJC_LITERAL_CONVERSION = YES;
				CLANG_WARN_OBJC_ROOT_CLASS = YES_ERROR;
				CLANG_WARN_QUOTED_INCLUDE_IN_FRAMEWORK_HEADER = YES;
				CLANG_WARN_RANGE_LOOP_ANALYSIS = YES;
				CLANG_WARN_STRICT_PROTOTYPES = YES;
				CLANG_WARN_SUSPICIOUS_MOVE = YES;
				CLANG_WARN_UNGUARDED_AVAILABILITY = YES_AGGRESSIVE;
				CLANG_WARN_UNREACHABLE_CODE = YES;
				CLANG_WARN__DUPLICATE_METHOD_MATCH = YES;
				COPY_PHASE_STRIP = NO;
				DEBUG_INFORMATION_FORMAT = "dwarf-with-dsym";
				ENABLE_NS_ASSERTIONS = NO;
				ENABLE_STRICT_OBJC_MSGSEND = YES;
				GCC_C_LANGUAGE_STANDARD = gnu11;
				GCC_NO_COMMON_BLOCKS = YES;
				GCC_WARN_64_TO_32_BIT_CONVERSION = YES;
				GCC_WARN_ABOUT_RETURN_TYPE = YES_ERROR;
				GCC_WARN_UNDECLARED_SELECTOR = YES;
				GCC_WARN_UNINITIALIZED_AUTOS = YES_AGGRESSIVE;
				GCC_WARN_UNUSED_FUNCTION = YES;
				GCC_WARN_UNUSED_VARIABLE = YES;
				IPHONEOS_DEPLOYMENT_TARGET = 14.1;
				MTL_ENABLE_DEBUG_INFO = NO;
				MTL_FAST_MATH = YES;
				SDKROOT = iphoneos;
				SWIFT_ACTIVE_COMPILATION_CONDITIONS = RELEASE;
				SWIFT_COMPILATION_MODE = wholemodule;
				SWIFT_OPTIMIZATION_LEVEL = "-O";
				VALIDATE_PRODUCT = YES;
			};
			name = Dev_Release;
		};
		E10A2EFD25579AFC003D9B8A /* Dev_Release */ = {
			isa = XCBuildConfiguration;
			buildSettings = {
				ALWAYS_EMBED_SWIFT_STANDARD_LIBRARIES = YES;
				ASSETCATALOG_COMPILER_APPICON_NAME = AppIcon;
				ASSETCATALOG_COMPILER_GLOBAL_ACCENT_COLOR_NAME = AccentColor;
				CODE_SIGN_STYLE = Automatic;
				DEVELOPMENT_TEAM = 7X3D98TXTN;
				INFOPLIST_FILE = "Weather App/Target/Info.plist";
				LD_RUNPATH_SEARCH_PATHS = (
					"$(inherited)",
					"@executable_path/Frameworks",
				);
				PRODUCT_BUNDLE_IDENTIFIER = "com.example.Weather-App";
				PRODUCT_NAME = Weather_DevRelease;
				SWIFT_VERSION = 5.0;
				TARGETED_DEVICE_FAMILY = "1,2";
			};
			name = Dev_Release;
		};
		E10A2EFE25579AFC003D9B8A /* Dev_Release */ = {
			isa = XCBuildConfiguration;
			buildSettings = {
				ALWAYS_EMBED_SWIFT_STANDARD_LIBRARIES = YES;
				BUNDLE_LOADER = "$(TEST_HOST)";
				CODE_SIGN_STYLE = Automatic;
				DEVELOPMENT_TEAM = 7X3D98TXTN;
				INFOPLIST_FILE = "Weather AppTests/Info.plist";
				IPHONEOS_DEPLOYMENT_TARGET = 14.1;
				LD_RUNPATH_SEARCH_PATHS = (
					"$(inherited)",
					"@executable_path/Frameworks",
					"@loader_path/Frameworks",
				);
				PRODUCT_BUNDLE_IDENTIFIER = "com.example.Weather-AppTests";
				PRODUCT_NAME = "$(TARGET_NAME)";
				SWIFT_VERSION = 5.0;
				TARGETED_DEVICE_FAMILY = "1,2";
				TEST_HOST = "$(BUILT_PRODUCTS_DIR)/Weather App.app/Weather App";
			};
			name = Dev_Release;
		};
		E10A2EFF25579AFC003D9B8A /* Dev_Release */ = {
			isa = XCBuildConfiguration;
			buildSettings = {
				ALWAYS_EMBED_SWIFT_STANDARD_LIBRARIES = YES;
				CODE_SIGN_STYLE = Automatic;
				DEVELOPMENT_TEAM = 7X3D98TXTN;
				INFOPLIST_FILE = "Weather AppUITests/Info.plist";
				LD_RUNPATH_SEARCH_PATHS = (
					"$(inherited)",
					"@executable_path/Frameworks",
					"@loader_path/Frameworks",
				);
				PRODUCT_BUNDLE_IDENTIFIER = "com.example.Weather-AppUITests";
				PRODUCT_NAME = "$(TARGET_NAME)";
				SWIFT_VERSION = 5.0;
				TARGETED_DEVICE_FAMILY = "1,2";
				TEST_TARGET_NAME = "Weather App";
			};
			name = Dev_Release;
		};
		E10A2F0125579B07003D9B8A /* Product_Release */ = {
			isa = XCBuildConfiguration;
			buildSettings = {
				ALWAYS_SEARCH_USER_PATHS = NO;
				CLANG_ANALYZER_NONNULL = YES;
				CLANG_ANALYZER_NUMBER_OBJECT_CONVERSION = YES_AGGRESSIVE;
				CLANG_CXX_LANGUAGE_STANDARD = "gnu++14";
				CLANG_CXX_LIBRARY = "libc++";
				CLANG_ENABLE_MODULES = YES;
				CLANG_ENABLE_OBJC_ARC = YES;
				CLANG_ENABLE_OBJC_WEAK = YES;
				CLANG_WARN_BLOCK_CAPTURE_AUTORELEASING = YES;
				CLANG_WARN_BOOL_CONVERSION = YES;
				CLANG_WARN_COMMA = YES;
				CLANG_WARN_CONSTANT_CONVERSION = YES;
				CLANG_WARN_DEPRECATED_OBJC_IMPLEMENTATIONS = YES;
				CLANG_WARN_DIRECT_OBJC_ISA_USAGE = YES_ERROR;
				CLANG_WARN_DOCUMENTATION_COMMENTS = YES;
				CLANG_WARN_EMPTY_BODY = YES;
				CLANG_WARN_ENUM_CONVERSION = YES;
				CLANG_WARN_INFINITE_RECURSION = YES;
				CLANG_WARN_INT_CONVERSION = YES;
				CLANG_WARN_NON_LITERAL_NULL_CONVERSION = YES;
				CLANG_WARN_OBJC_IMPLICIT_RETAIN_SELF = YES;
				CLANG_WARN_OBJC_LITERAL_CONVERSION = YES;
				CLANG_WARN_OBJC_ROOT_CLASS = YES_ERROR;
				CLANG_WARN_QUOTED_INCLUDE_IN_FRAMEWORK_HEADER = YES;
				CLANG_WARN_RANGE_LOOP_ANALYSIS = YES;
				CLANG_WARN_STRICT_PROTOTYPES = YES;
				CLANG_WARN_SUSPICIOUS_MOVE = YES;
				CLANG_WARN_UNGUARDED_AVAILABILITY = YES_AGGRESSIVE;
				CLANG_WARN_UNREACHABLE_CODE = YES;
				CLANG_WARN__DUPLICATE_METHOD_MATCH = YES;
				COPY_PHASE_STRIP = NO;
				DEBUG_INFORMATION_FORMAT = "dwarf-with-dsym";
				ENABLE_NS_ASSERTIONS = NO;
				ENABLE_STRICT_OBJC_MSGSEND = YES;
				GCC_C_LANGUAGE_STANDARD = gnu11;
				GCC_NO_COMMON_BLOCKS = YES;
				GCC_WARN_64_TO_32_BIT_CONVERSION = YES;
				GCC_WARN_ABOUT_RETURN_TYPE = YES_ERROR;
				GCC_WARN_UNDECLARED_SELECTOR = YES;
				GCC_WARN_UNINITIALIZED_AUTOS = YES_AGGRESSIVE;
				GCC_WARN_UNUSED_FUNCTION = YES;
				GCC_WARN_UNUSED_VARIABLE = YES;
				IPHONEOS_DEPLOYMENT_TARGET = 14.1;
				MTL_ENABLE_DEBUG_INFO = NO;
				MTL_FAST_MATH = YES;
				SDKROOT = iphoneos;
				SWIFT_ACTIVE_COMPILATION_CONDITIONS = RELEASE;
				SWIFT_COMPILATION_MODE = wholemodule;
				SWIFT_OPTIMIZATION_LEVEL = "-O";
				VALIDATE_PRODUCT = YES;
			};
			name = Product_Release;
		};
		E10A2F0225579B07003D9B8A /* Product_Release */ = {
			isa = XCBuildConfiguration;
			buildSettings = {
				ALWAYS_EMBED_SWIFT_STANDARD_LIBRARIES = YES;
				ASSETCATALOG_COMPILER_APPICON_NAME = AppIcon;
				ASSETCATALOG_COMPILER_GLOBAL_ACCENT_COLOR_NAME = AccentColor;
				CODE_SIGN_STYLE = Automatic;
				DEVELOPMENT_TEAM = 7X3D98TXTN;
				INFOPLIST_FILE = "Weather App/Target/Info.plist";
				LD_RUNPATH_SEARCH_PATHS = (
					"$(inherited)",
					"@executable_path/Frameworks",
				);
				PRODUCT_BUNDLE_IDENTIFIER = "com.example.Weather-App";
				PRODUCT_NAME = Weather_ProdRelease;
				SWIFT_ACTIVE_COMPILATION_CONDITIONS = "";
				SWIFT_VERSION = 5.0;
				TARGETED_DEVICE_FAMILY = "1,2";
			};
			name = Product_Release;
		};
		E10A2F0325579B07003D9B8A /* Product_Release */ = {
			isa = XCBuildConfiguration;
			buildSettings = {
				ALWAYS_EMBED_SWIFT_STANDARD_LIBRARIES = YES;
				BUNDLE_LOADER = "$(TEST_HOST)";
				CODE_SIGN_STYLE = Automatic;
				DEVELOPMENT_TEAM = 7X3D98TXTN;
				INFOPLIST_FILE = "Weather AppTests/Info.plist";
				IPHONEOS_DEPLOYMENT_TARGET = 14.1;
				LD_RUNPATH_SEARCH_PATHS = (
					"$(inherited)",
					"@executable_path/Frameworks",
					"@loader_path/Frameworks",
				);
				PRODUCT_BUNDLE_IDENTIFIER = "com.example.Weather-AppTests";
				PRODUCT_NAME = "$(TARGET_NAME)";
				SWIFT_VERSION = 5.0;
				TARGETED_DEVICE_FAMILY = "1,2";
				TEST_HOST = "$(BUILT_PRODUCTS_DIR)/Weather App.app/Weather App";
			};
			name = Product_Release;
		};
		E10A2F0425579B07003D9B8A /* Product_Release */ = {
			isa = XCBuildConfiguration;
			buildSettings = {
				ALWAYS_EMBED_SWIFT_STANDARD_LIBRARIES = YES;
				CODE_SIGN_STYLE = Automatic;
				DEVELOPMENT_TEAM = 7X3D98TXTN;
				INFOPLIST_FILE = "Weather AppUITests/Info.plist";
				LD_RUNPATH_SEARCH_PATHS = (
					"$(inherited)",
					"@executable_path/Frameworks",
					"@loader_path/Frameworks",
				);
				PRODUCT_BUNDLE_IDENTIFIER = "com.example.Weather-AppUITests";
				PRODUCT_NAME = "$(TARGET_NAME)";
				SWIFT_VERSION = 5.0;
				TARGETED_DEVICE_FAMILY = "1,2";
				TEST_TARGET_NAME = "Weather App";
			};
			name = Product_Release;
		};
		E11645D4255E5B4100A4BAD7 /* Debug */ = {
			isa = XCBuildConfiguration;
			buildSettings = {
				ASSETCATALOG_COMPILER_COMPLICATION_NAME = Complication;
				CODE_SIGN_STYLE = Automatic;
				DEVELOPMENT_TEAM = 7X3D98TXTN;
				INFOPLIST_FILE = "Watch Extension/Info.plist";
				LD_RUNPATH_SEARCH_PATHS = (
					"$(inherited)",
					"@executable_path/Frameworks",
					"@executable_path/../../Frameworks",
				);
				PRODUCT_BUNDLE_IDENTIFIER = "com.example.Weather-App.watchkitapp.watchkitextension";
				PRODUCT_NAME = "${TARGET_NAME}";
				SDKROOT = watchos;
				SKIP_INSTALL = YES;
				SWIFT_VERSION = 5.0;
				TARGETED_DEVICE_FAMILY = 4;
				WATCHOS_DEPLOYMENT_TARGET = 7.0;
			};
			name = Debug;
		};
		E11645D5255E5B4100A4BAD7 /* Product_Debug */ = {
			isa = XCBuildConfiguration;
			buildSettings = {
				ASSETCATALOG_COMPILER_COMPLICATION_NAME = Complication;
				CODE_SIGN_STYLE = Automatic;
				DEVELOPMENT_TEAM = 7X3D98TXTN;
				INFOPLIST_FILE = "Watch Extension/Info.plist";
				LD_RUNPATH_SEARCH_PATHS = (
					"$(inherited)",
					"@executable_path/Frameworks",
					"@executable_path/../../Frameworks",
				);
				PRODUCT_BUNDLE_IDENTIFIER = "com.example.Weather-App.watchkitapp.watchkitextension";
				PRODUCT_NAME = "${TARGET_NAME}";
				SDKROOT = watchos;
				SKIP_INSTALL = YES;
				SWIFT_VERSION = 5.0;
				TARGETED_DEVICE_FAMILY = 4;
				WATCHOS_DEPLOYMENT_TARGET = 7.0;
			};
			name = Product_Debug;
		};
		E11645D6255E5B4100A4BAD7 /* Dev_Debug */ = {
			isa = XCBuildConfiguration;
			buildSettings = {
				ASSETCATALOG_COMPILER_COMPLICATION_NAME = Complication;
				CODE_SIGN_STYLE = Automatic;
				DEVELOPMENT_TEAM = 7X3D98TXTN;
				INFOPLIST_FILE = "Watch Extension/Info.plist";
				LD_RUNPATH_SEARCH_PATHS = (
					"$(inherited)",
					"@executable_path/Frameworks",
					"@executable_path/../../Frameworks",
				);
				PRODUCT_BUNDLE_IDENTIFIER = "com.example.Weather-App.watchkitapp.watchkitextension";
				PRODUCT_NAME = "${TARGET_NAME}";
				SDKROOT = watchos;
				SKIP_INSTALL = YES;
				SWIFT_VERSION = 5.0;
				TARGETED_DEVICE_FAMILY = 4;
				WATCHOS_DEPLOYMENT_TARGET = 7.0;
			};
			name = Dev_Debug;
		};
		E11645D7255E5B4100A4BAD7 /* Release */ = {
			isa = XCBuildConfiguration;
			buildSettings = {
				ASSETCATALOG_COMPILER_COMPLICATION_NAME = Complication;
				CODE_SIGN_STYLE = Automatic;
				DEVELOPMENT_TEAM = 7X3D98TXTN;
				INFOPLIST_FILE = "Watch Extension/Info.plist";
				LD_RUNPATH_SEARCH_PATHS = (
					"$(inherited)",
					"@executable_path/Frameworks",
					"@executable_path/../../Frameworks",
				);
				PRODUCT_BUNDLE_IDENTIFIER = "com.example.Weather-App.watchkitapp.watchkitextension";
				PRODUCT_NAME = "${TARGET_NAME}";
				SDKROOT = watchos;
				SKIP_INSTALL = YES;
				SWIFT_VERSION = 5.0;
				TARGETED_DEVICE_FAMILY = 4;
				WATCHOS_DEPLOYMENT_TARGET = 7.0;
			};
			name = Release;
		};
		E11645D8255E5B4100A4BAD7 /* Product_Release */ = {
			isa = XCBuildConfiguration;
			buildSettings = {
				ASSETCATALOG_COMPILER_COMPLICATION_NAME = Complication;
				CODE_SIGN_STYLE = Automatic;
				DEVELOPMENT_TEAM = 7X3D98TXTN;
				INFOPLIST_FILE = "Watch Extension/Info.plist";
				LD_RUNPATH_SEARCH_PATHS = (
					"$(inherited)",
					"@executable_path/Frameworks",
					"@executable_path/../../Frameworks",
				);
				PRODUCT_BUNDLE_IDENTIFIER = "com.example.Weather-App.watchkitapp.watchkitextension";
				PRODUCT_NAME = "${TARGET_NAME}";
				SDKROOT = watchos;
				SKIP_INSTALL = YES;
				SWIFT_VERSION = 5.0;
				TARGETED_DEVICE_FAMILY = 4;
				WATCHOS_DEPLOYMENT_TARGET = 7.0;
			};
			name = Product_Release;
		};
		E11645D9255E5B4100A4BAD7 /* Dev_Release */ = {
			isa = XCBuildConfiguration;
			buildSettings = {
				ASSETCATALOG_COMPILER_COMPLICATION_NAME = Complication;
				CODE_SIGN_STYLE = Automatic;
				DEVELOPMENT_TEAM = 7X3D98TXTN;
				INFOPLIST_FILE = "Watch Extension/Info.plist";
				LD_RUNPATH_SEARCH_PATHS = (
					"$(inherited)",
					"@executable_path/Frameworks",
					"@executable_path/../../Frameworks",
				);
				PRODUCT_BUNDLE_IDENTIFIER = "com.example.Weather-App.watchkitapp.watchkitextension";
				PRODUCT_NAME = "${TARGET_NAME}";
				SDKROOT = watchos;
				SKIP_INSTALL = YES;
				SWIFT_VERSION = 5.0;
				TARGETED_DEVICE_FAMILY = 4;
				WATCHOS_DEPLOYMENT_TARGET = 7.0;
			};
			name = Dev_Release;
		};
		E11645DC255E5B4100A4BAD7 /* Debug */ = {
			isa = XCBuildConfiguration;
			buildSettings = {
				ALWAYS_EMBED_SWIFT_STANDARD_LIBRARIES = YES;
				ASSETCATALOG_COMPILER_APPICON_NAME = AppIcon;
				ASSETCATALOG_COMPILER_GLOBAL_ACCENT_COLOR_NAME = AccentColor;
				CODE_SIGN_STYLE = Automatic;
				DEVELOPMENT_TEAM = 7X3D98TXTN;
				IBSC_MODULE = Watch_Extension;
				INFOPLIST_FILE = Watch/Info.plist;
				PRODUCT_BUNDLE_IDENTIFIER = "com.example.Weather-App.watchkitapp";
				PRODUCT_NAME = "$(TARGET_NAME)";
				SDKROOT = watchos;
				SKIP_INSTALL = YES;
				SWIFT_VERSION = 5.0;
				TARGETED_DEVICE_FAMILY = 4;
				WATCHOS_DEPLOYMENT_TARGET = 7.0;
			};
			name = Debug;
		};
		E11645DD255E5B4100A4BAD7 /* Product_Debug */ = {
			isa = XCBuildConfiguration;
			buildSettings = {
				ALWAYS_EMBED_SWIFT_STANDARD_LIBRARIES = YES;
				ASSETCATALOG_COMPILER_APPICON_NAME = AppIcon;
				ASSETCATALOG_COMPILER_GLOBAL_ACCENT_COLOR_NAME = AccentColor;
				CODE_SIGN_STYLE = Automatic;
				DEVELOPMENT_TEAM = 7X3D98TXTN;
				IBSC_MODULE = Watch_Extension;
				INFOPLIST_FILE = Watch/Info.plist;
				PRODUCT_BUNDLE_IDENTIFIER = "com.example.Weather-App.watchkitapp";
				PRODUCT_NAME = "$(TARGET_NAME)";
				SDKROOT = watchos;
				SKIP_INSTALL = YES;
				SWIFT_VERSION = 5.0;
				TARGETED_DEVICE_FAMILY = 4;
				WATCHOS_DEPLOYMENT_TARGET = 7.0;
			};
			name = Product_Debug;
		};
		E11645DE255E5B4100A4BAD7 /* Dev_Debug */ = {
			isa = XCBuildConfiguration;
			buildSettings = {
				ALWAYS_EMBED_SWIFT_STANDARD_LIBRARIES = YES;
				ASSETCATALOG_COMPILER_APPICON_NAME = AppIcon;
				ASSETCATALOG_COMPILER_GLOBAL_ACCENT_COLOR_NAME = AccentColor;
				CODE_SIGN_STYLE = Automatic;
				DEVELOPMENT_TEAM = 7X3D98TXTN;
				IBSC_MODULE = Watch_Extension;
				INFOPLIST_FILE = Watch/Info.plist;
				PRODUCT_BUNDLE_IDENTIFIER = "com.example.Weather-App.watchkitapp";
				PRODUCT_NAME = "$(TARGET_NAME)";
				SDKROOT = watchos;
				SKIP_INSTALL = YES;
				SWIFT_VERSION = 5.0;
				TARGETED_DEVICE_FAMILY = 4;
				WATCHOS_DEPLOYMENT_TARGET = 7.0;
			};
			name = Dev_Debug;
		};
		E11645DF255E5B4100A4BAD7 /* Release */ = {
			isa = XCBuildConfiguration;
			buildSettings = {
				ALWAYS_EMBED_SWIFT_STANDARD_LIBRARIES = YES;
				ASSETCATALOG_COMPILER_APPICON_NAME = AppIcon;
				ASSETCATALOG_COMPILER_GLOBAL_ACCENT_COLOR_NAME = AccentColor;
				CODE_SIGN_STYLE = Automatic;
				DEVELOPMENT_TEAM = 7X3D98TXTN;
				IBSC_MODULE = Watch_Extension;
				INFOPLIST_FILE = Watch/Info.plist;
				PRODUCT_BUNDLE_IDENTIFIER = "com.example.Weather-App.watchkitapp";
				PRODUCT_NAME = "$(TARGET_NAME)";
				SDKROOT = watchos;
				SKIP_INSTALL = YES;
				SWIFT_VERSION = 5.0;
				TARGETED_DEVICE_FAMILY = 4;
				WATCHOS_DEPLOYMENT_TARGET = 7.0;
			};
			name = Release;
		};
		E11645E0255E5B4100A4BAD7 /* Product_Release */ = {
			isa = XCBuildConfiguration;
			buildSettings = {
				ALWAYS_EMBED_SWIFT_STANDARD_LIBRARIES = YES;
				ASSETCATALOG_COMPILER_APPICON_NAME = AppIcon;
				ASSETCATALOG_COMPILER_GLOBAL_ACCENT_COLOR_NAME = AccentColor;
				CODE_SIGN_STYLE = Automatic;
				DEVELOPMENT_TEAM = 7X3D98TXTN;
				IBSC_MODULE = Watch_Extension;
				INFOPLIST_FILE = Watch/Info.plist;
				PRODUCT_BUNDLE_IDENTIFIER = "com.example.Weather-App.watchkitapp";
				PRODUCT_NAME = "$(TARGET_NAME)";
				SDKROOT = watchos;
				SKIP_INSTALL = YES;
				SWIFT_VERSION = 5.0;
				TARGETED_DEVICE_FAMILY = 4;
				WATCHOS_DEPLOYMENT_TARGET = 7.0;
			};
			name = Product_Release;
		};
		E11645E1255E5B4100A4BAD7 /* Dev_Release */ = {
			isa = XCBuildConfiguration;
			buildSettings = {
				ALWAYS_EMBED_SWIFT_STANDARD_LIBRARIES = YES;
				ASSETCATALOG_COMPILER_APPICON_NAME = AppIcon;
				ASSETCATALOG_COMPILER_GLOBAL_ACCENT_COLOR_NAME = AccentColor;
				CODE_SIGN_STYLE = Automatic;
				DEVELOPMENT_TEAM = 7X3D98TXTN;
				IBSC_MODULE = Watch_Extension;
				INFOPLIST_FILE = Watch/Info.plist;
				PRODUCT_BUNDLE_IDENTIFIER = "com.example.Weather-App.watchkitapp";
				PRODUCT_NAME = "$(TARGET_NAME)";
				SDKROOT = watchos;
				SKIP_INSTALL = YES;
				SWIFT_VERSION = 5.0;
				TARGETED_DEVICE_FAMILY = 4;
				WATCHOS_DEPLOYMENT_TARGET = 7.0;
			};
			name = Dev_Release;
		};
		E1B3CFC0254FA1BD00AA876A /* Debug */ = {
			isa = XCBuildConfiguration;
			buildSettings = {
				ALWAYS_SEARCH_USER_PATHS = NO;
				CLANG_ANALYZER_NONNULL = YES;
				CLANG_ANALYZER_NUMBER_OBJECT_CONVERSION = YES_AGGRESSIVE;
				CLANG_CXX_LANGUAGE_STANDARD = "gnu++14";
				CLANG_CXX_LIBRARY = "libc++";
				CLANG_ENABLE_MODULES = YES;
				CLANG_ENABLE_OBJC_ARC = YES;
				CLANG_ENABLE_OBJC_WEAK = YES;
				CLANG_WARN_BLOCK_CAPTURE_AUTORELEASING = YES;
				CLANG_WARN_BOOL_CONVERSION = YES;
				CLANG_WARN_COMMA = YES;
				CLANG_WARN_CONSTANT_CONVERSION = YES;
				CLANG_WARN_DEPRECATED_OBJC_IMPLEMENTATIONS = YES;
				CLANG_WARN_DIRECT_OBJC_ISA_USAGE = YES_ERROR;
				CLANG_WARN_DOCUMENTATION_COMMENTS = YES;
				CLANG_WARN_EMPTY_BODY = YES;
				CLANG_WARN_ENUM_CONVERSION = YES;
				CLANG_WARN_INFINITE_RECURSION = YES;
				CLANG_WARN_INT_CONVERSION = YES;
				CLANG_WARN_NON_LITERAL_NULL_CONVERSION = YES;
				CLANG_WARN_OBJC_IMPLICIT_RETAIN_SELF = YES;
				CLANG_WARN_OBJC_LITERAL_CONVERSION = YES;
				CLANG_WARN_OBJC_ROOT_CLASS = YES_ERROR;
				CLANG_WARN_QUOTED_INCLUDE_IN_FRAMEWORK_HEADER = YES;
				CLANG_WARN_RANGE_LOOP_ANALYSIS = YES;
				CLANG_WARN_STRICT_PROTOTYPES = YES;
				CLANG_WARN_SUSPICIOUS_MOVE = YES;
				CLANG_WARN_UNGUARDED_AVAILABILITY = YES_AGGRESSIVE;
				CLANG_WARN_UNREACHABLE_CODE = YES;
				CLANG_WARN__DUPLICATE_METHOD_MATCH = YES;
				COPY_PHASE_STRIP = NO;
				DEBUG_INFORMATION_FORMAT = dwarf;
				ENABLE_STRICT_OBJC_MSGSEND = YES;
				ENABLE_TESTABILITY = YES;
				GCC_C_LANGUAGE_STANDARD = gnu11;
				GCC_DYNAMIC_NO_PIC = NO;
				GCC_NO_COMMON_BLOCKS = YES;
				GCC_OPTIMIZATION_LEVEL = 0;
				GCC_PREPROCESSOR_DEFINITIONS = (
					"DEBUG=1",
					"$(inherited)",
				);
				GCC_WARN_64_TO_32_BIT_CONVERSION = YES;
				GCC_WARN_ABOUT_RETURN_TYPE = YES_ERROR;
				GCC_WARN_UNDECLARED_SELECTOR = YES;
				GCC_WARN_UNINITIALIZED_AUTOS = YES_AGGRESSIVE;
				GCC_WARN_UNUSED_FUNCTION = YES;
				GCC_WARN_UNUSED_VARIABLE = YES;
				IPHONEOS_DEPLOYMENT_TARGET = 14.1;
				MTL_ENABLE_DEBUG_INFO = INCLUDE_SOURCE;
				MTL_FAST_MATH = YES;
				ONLY_ACTIVE_ARCH = YES;
				SDKROOT = iphoneos;
				SWIFT_ACTIVE_COMPILATION_CONDITIONS = DEBUG;
				SWIFT_OPTIMIZATION_LEVEL = "-Onone";
			};
			name = Debug;
		};
		E1B3CFC1254FA1BD00AA876A /* Release */ = {
			isa = XCBuildConfiguration;
			buildSettings = {
				ALWAYS_SEARCH_USER_PATHS = NO;
				CLANG_ANALYZER_NONNULL = YES;
				CLANG_ANALYZER_NUMBER_OBJECT_CONVERSION = YES_AGGRESSIVE;
				CLANG_CXX_LANGUAGE_STANDARD = "gnu++14";
				CLANG_CXX_LIBRARY = "libc++";
				CLANG_ENABLE_MODULES = YES;
				CLANG_ENABLE_OBJC_ARC = YES;
				CLANG_ENABLE_OBJC_WEAK = YES;
				CLANG_WARN_BLOCK_CAPTURE_AUTORELEASING = YES;
				CLANG_WARN_BOOL_CONVERSION = YES;
				CLANG_WARN_COMMA = YES;
				CLANG_WARN_CONSTANT_CONVERSION = YES;
				CLANG_WARN_DEPRECATED_OBJC_IMPLEMENTATIONS = YES;
				CLANG_WARN_DIRECT_OBJC_ISA_USAGE = YES_ERROR;
				CLANG_WARN_DOCUMENTATION_COMMENTS = YES;
				CLANG_WARN_EMPTY_BODY = YES;
				CLANG_WARN_ENUM_CONVERSION = YES;
				CLANG_WARN_INFINITE_RECURSION = YES;
				CLANG_WARN_INT_CONVERSION = YES;
				CLANG_WARN_NON_LITERAL_NULL_CONVERSION = YES;
				CLANG_WARN_OBJC_IMPLICIT_RETAIN_SELF = YES;
				CLANG_WARN_OBJC_LITERAL_CONVERSION = YES;
				CLANG_WARN_OBJC_ROOT_CLASS = YES_ERROR;
				CLANG_WARN_QUOTED_INCLUDE_IN_FRAMEWORK_HEADER = YES;
				CLANG_WARN_RANGE_LOOP_ANALYSIS = YES;
				CLANG_WARN_STRICT_PROTOTYPES = YES;
				CLANG_WARN_SUSPICIOUS_MOVE = YES;
				CLANG_WARN_UNGUARDED_AVAILABILITY = YES_AGGRESSIVE;
				CLANG_WARN_UNREACHABLE_CODE = YES;
				CLANG_WARN__DUPLICATE_METHOD_MATCH = YES;
				COPY_PHASE_STRIP = NO;
				DEBUG_INFORMATION_FORMAT = "dwarf-with-dsym";
				ENABLE_NS_ASSERTIONS = NO;
				ENABLE_STRICT_OBJC_MSGSEND = YES;
				GCC_C_LANGUAGE_STANDARD = gnu11;
				GCC_NO_COMMON_BLOCKS = YES;
				GCC_WARN_64_TO_32_BIT_CONVERSION = YES;
				GCC_WARN_ABOUT_RETURN_TYPE = YES_ERROR;
				GCC_WARN_UNDECLARED_SELECTOR = YES;
				GCC_WARN_UNINITIALIZED_AUTOS = YES_AGGRESSIVE;
				GCC_WARN_UNUSED_FUNCTION = YES;
				GCC_WARN_UNUSED_VARIABLE = YES;
				IPHONEOS_DEPLOYMENT_TARGET = 14.1;
				MTL_ENABLE_DEBUG_INFO = NO;
				MTL_FAST_MATH = YES;
				SDKROOT = iphoneos;
				SWIFT_ACTIVE_COMPILATION_CONDITIONS = RELEASE;
				SWIFT_COMPILATION_MODE = wholemodule;
				SWIFT_OPTIMIZATION_LEVEL = "-O";
				VALIDATE_PRODUCT = YES;
			};
			name = Release;
		};
		E1B3CFC3254FA1BD00AA876A /* Debug */ = {
			isa = XCBuildConfiguration;
			buildSettings = {
				ALWAYS_EMBED_SWIFT_STANDARD_LIBRARIES = YES;
				ASSETCATALOG_COMPILER_APPICON_NAME = AppIcon;
				ASSETCATALOG_COMPILER_GLOBAL_ACCENT_COLOR_NAME = AccentColor;
				CODE_SIGN_STYLE = Automatic;
				DEVELOPMENT_TEAM = 7X3D98TXTN;
				INFOPLIST_FILE = "Weather App/Target/Info.plist";
				LD_RUNPATH_SEARCH_PATHS = (
					"$(inherited)",
					"@executable_path/Frameworks",
				);
				PRODUCT_BUNDLE_IDENTIFIER = "com.example.Weather-App";
				PRODUCT_NAME = Weather_Debug;
				SWIFT_VERSION = 5.0;
				TARGETED_DEVICE_FAMILY = "1,2";
			};
			name = Debug;
		};
		E1B3CFC4254FA1BD00AA876A /* Release */ = {
			isa = XCBuildConfiguration;
			buildSettings = {
				ALWAYS_EMBED_SWIFT_STANDARD_LIBRARIES = YES;
				ASSETCATALOG_COMPILER_APPICON_NAME = AppIcon;
				ASSETCATALOG_COMPILER_GLOBAL_ACCENT_COLOR_NAME = AccentColor;
				CODE_SIGN_STYLE = Automatic;
				DEVELOPMENT_TEAM = 7X3D98TXTN;
				INFOPLIST_FILE = "Weather App/Target/Info.plist";
				LD_RUNPATH_SEARCH_PATHS = (
					"$(inherited)",
					"@executable_path/Frameworks",
				);
				PRODUCT_BUNDLE_IDENTIFIER = "com.example.Weather-App";
				PRODUCT_NAME = Weather_Release;
				SWIFT_VERSION = 5.0;
				TARGETED_DEVICE_FAMILY = "1,2";
			};
			name = Release;
		};
		E1B3CFC6254FA1BD00AA876A /* Debug */ = {
			isa = XCBuildConfiguration;
			buildSettings = {
				ALWAYS_EMBED_SWIFT_STANDARD_LIBRARIES = YES;
				BUNDLE_LOADER = "$(TEST_HOST)";
				CODE_SIGN_STYLE = Automatic;
				DEVELOPMENT_TEAM = 7X3D98TXTN;
				INFOPLIST_FILE = "Weather AppTests/Info.plist";
				IPHONEOS_DEPLOYMENT_TARGET = 14.1;
				LD_RUNPATH_SEARCH_PATHS = (
					"$(inherited)",
					"@executable_path/Frameworks",
					"@loader_path/Frameworks",
				);
				PRODUCT_BUNDLE_IDENTIFIER = "com.example.Weather-AppTests";
				PRODUCT_NAME = "$(TARGET_NAME)";
				SWIFT_VERSION = 5.0;
				TARGETED_DEVICE_FAMILY = "1,2";
				TEST_HOST = "$(BUILT_PRODUCTS_DIR)/Weather App.app/Weather App";
			};
			name = Debug;
		};
		E1B3CFC7254FA1BD00AA876A /* Release */ = {
			isa = XCBuildConfiguration;
			buildSettings = {
				ALWAYS_EMBED_SWIFT_STANDARD_LIBRARIES = YES;
				BUNDLE_LOADER = "$(TEST_HOST)";
				CODE_SIGN_STYLE = Automatic;
				DEVELOPMENT_TEAM = 7X3D98TXTN;
				INFOPLIST_FILE = "Weather AppTests/Info.plist";
				IPHONEOS_DEPLOYMENT_TARGET = 14.1;
				LD_RUNPATH_SEARCH_PATHS = (
					"$(inherited)",
					"@executable_path/Frameworks",
					"@loader_path/Frameworks",
				);
				PRODUCT_BUNDLE_IDENTIFIER = "com.example.Weather-AppTests";
				PRODUCT_NAME = "$(TARGET_NAME)";
				SWIFT_VERSION = 5.0;
				TARGETED_DEVICE_FAMILY = "1,2";
				TEST_HOST = "$(BUILT_PRODUCTS_DIR)/Weather App.app/Weather App";
			};
			name = Release;
		};
		E1B3CFC9254FA1BD00AA876A /* Debug */ = {
			isa = XCBuildConfiguration;
			buildSettings = {
				ALWAYS_EMBED_SWIFT_STANDARD_LIBRARIES = YES;
				CODE_SIGN_STYLE = Automatic;
				DEVELOPMENT_TEAM = 7X3D98TXTN;
				INFOPLIST_FILE = "Weather AppUITests/Info.plist";
				LD_RUNPATH_SEARCH_PATHS = (
					"$(inherited)",
					"@executable_path/Frameworks",
					"@loader_path/Frameworks",
				);
				PRODUCT_BUNDLE_IDENTIFIER = "com.example.Weather-AppUITests";
				PRODUCT_NAME = "$(TARGET_NAME)";
				SWIFT_VERSION = 5.0;
				TARGETED_DEVICE_FAMILY = "1,2";
				TEST_TARGET_NAME = "Weather App";
			};
			name = Debug;
		};
		E1B3CFCA254FA1BD00AA876A /* Release */ = {
			isa = XCBuildConfiguration;
			buildSettings = {
				ALWAYS_EMBED_SWIFT_STANDARD_LIBRARIES = YES;
				CODE_SIGN_STYLE = Automatic;
				DEVELOPMENT_TEAM = 7X3D98TXTN;
				INFOPLIST_FILE = "Weather AppUITests/Info.plist";
				LD_RUNPATH_SEARCH_PATHS = (
					"$(inherited)",
					"@executable_path/Frameworks",
					"@loader_path/Frameworks",
				);
				PRODUCT_BUNDLE_IDENTIFIER = "com.example.Weather-AppUITests";
				PRODUCT_NAME = "$(TARGET_NAME)";
				SWIFT_VERSION = 5.0;
				TARGETED_DEVICE_FAMILY = "1,2";
				TEST_TARGET_NAME = "Weather App";
			};
			name = Release;
		};
/* End XCBuildConfiguration section */

/* Begin XCConfigurationList section */
		E11645D3255E5B4100A4BAD7 /* Build configuration list for PBXNativeTarget "Watch Extension" */ = {
			isa = XCConfigurationList;
			buildConfigurations = (
				E11645D4255E5B4100A4BAD7 /* Debug */,
				E11645D5255E5B4100A4BAD7 /* Product_Debug */,
				E11645D6255E5B4100A4BAD7 /* Dev_Debug */,
				E11645D7255E5B4100A4BAD7 /* Release */,
				E11645D8255E5B4100A4BAD7 /* Product_Release */,
				E11645D9255E5B4100A4BAD7 /* Dev_Release */,
			);
			defaultConfigurationIsVisible = 0;
			defaultConfigurationName = Release;
		};
		E11645DB255E5B4100A4BAD7 /* Build configuration list for PBXNativeTarget "Watch" */ = {
			isa = XCConfigurationList;
			buildConfigurations = (
				E11645DC255E5B4100A4BAD7 /* Debug */,
				E11645DD255E5B4100A4BAD7 /* Product_Debug */,
				E11645DE255E5B4100A4BAD7 /* Dev_Debug */,
				E11645DF255E5B4100A4BAD7 /* Release */,
				E11645E0255E5B4100A4BAD7 /* Product_Release */,
				E11645E1255E5B4100A4BAD7 /* Dev_Release */,
			);
			defaultConfigurationIsVisible = 0;
			defaultConfigurationName = Release;
		};
		E1B3CF93254FA1BA00AA876A /* Build configuration list for PBXProject "Weather App" */ = {
			isa = XCConfigurationList;
			buildConfigurations = (
				E1B3CFC0254FA1BD00AA876A /* Debug */,
				E10A2EF725579ABF003D9B8A /* Product_Debug */,
				E10A2EF225579AA9003D9B8A /* Dev_Debug */,
				E1B3CFC1254FA1BD00AA876A /* Release */,
				E10A2F0125579B07003D9B8A /* Product_Release */,
				E10A2EFC25579AFC003D9B8A /* Dev_Release */,
			);
			defaultConfigurationIsVisible = 0;
			defaultConfigurationName = Release;
		};
		E1B3CFC2254FA1BD00AA876A /* Build configuration list for PBXNativeTarget "Weather App" */ = {
			isa = XCConfigurationList;
			buildConfigurations = (
				E1B3CFC3254FA1BD00AA876A /* Debug */,
				E10A2EF825579ABF003D9B8A /* Product_Debug */,
				E10A2EF325579AA9003D9B8A /* Dev_Debug */,
				E1B3CFC4254FA1BD00AA876A /* Release */,
				E10A2F0225579B07003D9B8A /* Product_Release */,
				E10A2EFD25579AFC003D9B8A /* Dev_Release */,
			);
			defaultConfigurationIsVisible = 0;
			defaultConfigurationName = Release;
		};
		E1B3CFC5254FA1BD00AA876A /* Build configuration list for PBXNativeTarget "Weather AppTests" */ = {
			isa = XCConfigurationList;
			buildConfigurations = (
				E1B3CFC6254FA1BD00AA876A /* Debug */,
				E10A2EF925579ABF003D9B8A /* Product_Debug */,
				E10A2EF425579AA9003D9B8A /* Dev_Debug */,
				E1B3CFC7254FA1BD00AA876A /* Release */,
				E10A2F0325579B07003D9B8A /* Product_Release */,
				E10A2EFE25579AFC003D9B8A /* Dev_Release */,
			);
			defaultConfigurationIsVisible = 0;
			defaultConfigurationName = Release;
		};
		E1B3CFC8254FA1BD00AA876A /* Build configuration list for PBXNativeTarget "Weather AppUITests" */ = {
			isa = XCConfigurationList;
			buildConfigurations = (
				E1B3CFC9254FA1BD00AA876A /* Debug */,
				E10A2EFA25579ABF003D9B8A /* Product_Debug */,
				E10A2EF525579AA9003D9B8A /* Dev_Debug */,
				E1B3CFCA254FA1BD00AA876A /* Release */,
				E10A2F0425579B07003D9B8A /* Product_Release */,
				E10A2EFF25579AFC003D9B8A /* Dev_Release */,
			);
			defaultConfigurationIsVisible = 0;
			defaultConfigurationName = Release;
		};
/* End XCConfigurationList section */
	};
	rootObject = E1B3CF90254FA1BA00AA876A /* Project object */;
}
